// !$*UTF8*$!
{
	archiveVersion = 1;
	classes = {
	};
	objectVersion = 46;
	objects = {

/* Begin PBXBuildFile section */
		4833FDCB13F1673F00943A3D /* ArrowView.m in Sources */ = {isa = PBXBuildFile; fileRef = 4833FDCA13F1673F00943A3D /* ArrowView.m */; };
		4833FDD513F16D7400943A3D /* ExView.m in Sources */ = {isa = PBXBuildFile; fileRef = 4833FDD413F16D7300943A3D /* ExView.m */; };
		4833FDDE13F18D5100943A3D /* SplitListCellView.m in Sources */ = {isa = PBXBuildFile; fileRef = 4833FDDD13F18D5100943A3D /* SplitListCellView.m */; };
		48869FB413F49C66000B4812 /* StaticListView.m in Sources */ = {isa = PBXBuildFile; fileRef = 48869FB313F49C66000B4812 /* StaticListView.m */; };
		48869FBE13F4B8F9000B4812 /* AddressBook.framework in Frameworks */ = {isa = PBXBuildFile; fileRef = 48869FBC13F4B8F9000B4812 /* AddressBook.framework */; };
		48869FBF13F4B8F9000B4812 /* AddressBookUI.framework in Frameworks */ = {isa = PBXBuildFile; fileRef = 48869FBD13F4B8F9000B4812 /* AddressBookUI.framework */; };
		48869FC213F4B976000B4812 /* PlusButtonView.m in Sources */ = {isa = PBXBuildFile; fileRef = 48869FC113F4B976000B4812 /* PlusButtonView.m */; };
		48AF6BF113C8F6510062B769 /* SlideViewController.m in Sources */ = {isa = PBXBuildFile; fileRef = 48AF6BF013C8F6510062B769 /* SlideViewController.m */; };
		48AF6BF413C8F6720062B769 /* ViewPlaceHolder.m in Sources */ = {isa = PBXBuildFile; fileRef = 48AF6BF313C8F6720062B769 /* ViewPlaceHolder.m */; };
		48BC159013F0AB5A00E14779 /* SplitListViewController.m in Sources */ = {isa = PBXBuildFile; fileRef = 48BC158F13F0AB5A00E14779 /* SplitListViewController.m */; };
		C1C2C01813C8C48C00CD103D /* UIKit.framework in Frameworks */ = {isa = PBXBuildFile; fileRef = C1C2C01713C8C48C00CD103D /* UIKit.framework */; };
		C1C2C01A13C8C48C00CD103D /* Foundation.framework in Frameworks */ = {isa = PBXBuildFile; fileRef = C1C2C01913C8C48C00CD103D /* Foundation.framework */; };
		C1C2C01C13C8C48C00CD103D /* CoreGraphics.framework in Frameworks */ = {isa = PBXBuildFile; fileRef = C1C2C01B13C8C48C00CD103D /* CoreGraphics.framework */; };
		C1C2C01E13C8C48C00CD103D /* CoreData.framework in Frameworks */ = {isa = PBXBuildFile; fileRef = C1C2C01D13C8C48C00CD103D /* CoreData.framework */; };
		C1C2C02413C8C48C00CD103D /* InfoPlist.strings in Resources */ = {isa = PBXBuildFile; fileRef = C1C2C02213C8C48C00CD103D /* InfoPlist.strings */; };
		C1C2C02713C8C48C00CD103D /* main.m in Sources */ = {isa = PBXBuildFile; fileRef = C1C2C02613C8C48C00CD103D /* main.m */; };
		C1C2C02A13C8C48C00CD103D /* GatherAppDelegate.m in Sources */ = {isa = PBXBuildFile; fileRef = C1C2C02913C8C48C00CD103D /* GatherAppDelegate.m */; };
		C1C2C02D13C8C48C00CD103D /* Gather.xcdatamodeld in Sources */ = {isa = PBXBuildFile; fileRef = C1C2C02B13C8C48C00CD103D /* Gather.xcdatamodeld */; };
		C1C2C03113C8C48D00CD103D /* GatherAppDelegate_iPhone.m in Sources */ = {isa = PBXBuildFile; fileRef = C1C2C03013C8C48D00CD103D /* GatherAppDelegate_iPhone.m */; };
		C1C2C03413C8C48D00CD103D /* MainWindow_iPhone.xib in Resources */ = {isa = PBXBuildFile; fileRef = C1C2C03213C8C48D00CD103D /* MainWindow_iPhone.xib */; };
		C1C2C03813C8C48D00CD103D /* GatherAppDelegate_iPad.m in Sources */ = {isa = PBXBuildFile; fileRef = C1C2C03713C8C48D00CD103D /* GatherAppDelegate_iPad.m */; };
		C1C2C03B13C8C48D00CD103D /* MainWindow_iPad.xib in Resources */ = {isa = PBXBuildFile; fileRef = C1C2C03913C8C48D00CD103D /* MainWindow_iPad.xib */; };
		C1EB58EA13CB6B5600F156DB /* ConnectionManager.m in Sources */ = {isa = PBXBuildFile; fileRef = C1EB58E513CB6B5600F156DB /* ConnectionManager.m */; };
		C1EB58EB13CB6B5600F156DB /* GatherAPI.m in Sources */ = {isa = PBXBuildFile; fileRef = C1EB58E713CB6B5600F156DB /* GatherAPI.m */; };
		C1EB58EC13CB6B5600F156DB /* IndexedURLConnection.m in Sources */ = {isa = PBXBuildFile; fileRef = C1EB58E913CB6B5600F156DB /* IndexedURLConnection.m */; };
		C1EB58F113CB6B9000F156DB /* NetworkingTestVC.m in Sources */ = {isa = PBXBuildFile; fileRef = C1EB58EF13CB6B9000F156DB /* NetworkingTestVC.m */; };
		C1EB58F213CB6B9000F156DB /* NetworkingTestVC.xib in Resources */ = {isa = PBXBuildFile; fileRef = C1EB58F013CB6B9000F156DB /* NetworkingTestVC.xib */; };
		C1EB5C3013CB6D7100F156DB /* NSObject+SBJson.m in Sources */ = {isa = PBXBuildFile; fileRef = C1EB5C1813CB6D7100F156DB /* NSObject+SBJson.m */; };
		C1EB5C3113CB6D7100F156DB /* SBJsonParser.m in Sources */ = {isa = PBXBuildFile; fileRef = C1EB5C1B13CB6D7100F156DB /* SBJsonParser.m */; };
		C1EB5C3213CB6D7100F156DB /* SBJsonStreamParser.m in Sources */ = {isa = PBXBuildFile; fileRef = C1EB5C1D13CB6D7100F156DB /* SBJsonStreamParser.m */; };
		C1EB5C3313CB6D7100F156DB /* SBJsonStreamParserAccumulator.m in Sources */ = {isa = PBXBuildFile; fileRef = C1EB5C1F13CB6D7100F156DB /* SBJsonStreamParserAccumulator.m */; };
		C1EB5C3413CB6D7100F156DB /* SBJsonStreamParserAdapter.m in Sources */ = {isa = PBXBuildFile; fileRef = C1EB5C2113CB6D7100F156DB /* SBJsonStreamParserAdapter.m */; };
		C1EB5C3513CB6D7100F156DB /* SBJsonStreamParserState.m in Sources */ = {isa = PBXBuildFile; fileRef = C1EB5C2313CB6D7100F156DB /* SBJsonStreamParserState.m */; };
		C1EB5C3613CB6D7100F156DB /* SBJsonStreamWriter.m in Sources */ = {isa = PBXBuildFile; fileRef = C1EB5C2513CB6D7100F156DB /* SBJsonStreamWriter.m */; };
		C1EB5C3713CB6D7100F156DB /* SBJsonStreamWriterAccumulator.m in Sources */ = {isa = PBXBuildFile; fileRef = C1EB5C2713CB6D7100F156DB /* SBJsonStreamWriterAccumulator.m */; };
		C1EB5C3813CB6D7100F156DB /* SBJsonStreamWriterState.m in Sources */ = {isa = PBXBuildFile; fileRef = C1EB5C2913CB6D7100F156DB /* SBJsonStreamWriterState.m */; };
		C1EB5C3913CB6D7100F156DB /* SBJsonTokeniser.m in Sources */ = {isa = PBXBuildFile; fileRef = C1EB5C2B13CB6D7100F156DB /* SBJsonTokeniser.m */; };
		C1EB5C3A13CB6D7100F156DB /* SBJsonUTF8Stream.m in Sources */ = {isa = PBXBuildFile; fileRef = C1EB5C2D13CB6D7100F156DB /* SBJsonUTF8Stream.m */; };
		C1EB5C3B13CB6D7100F156DB /* SBJsonWriter.m in Sources */ = {isa = PBXBuildFile; fileRef = C1EB5C2F13CB6D7100F156DB /* SBJsonWriter.m */; };
		C1EB5C3E13CB6DB800F156DB /* SessionData.m in Sources */ = {isa = PBXBuildFile; fileRef = C1EB5C3D13CB6DB800F156DB /* SessionData.m */; };
		C1EB5C4113CB70E500F156DB /* UniversLTStd-UltraCn.otf in Resources */ = {isa = PBXBuildFile; fileRef = C1EB5C4013CB70E500F156DB /* UniversLTStd-UltraCn.otf */; };
		C1EB5C4613CB727A00F156DB /* LoginVC.m in Sources */ = {isa = PBXBuildFile; fileRef = C1EB5C4413CB727A00F156DB /* LoginVC.m */; };
		C1EB5C4713CB727A00F156DB /* LoginVC.xib in Resources */ = {isa = PBXBuildFile; fileRef = C1EB5C4513CB727A00F156DB /* LoginVC.xib */; };
		C1EB5C4A13CB79F500F156DB /* PhoneNumberFormatter.m in Sources */ = {isa = PBXBuildFile; fileRef = C1EB5C4913CB79F500F156DB /* PhoneNumberFormatter.m */; };
		C1EB5C4E13CB847900F156DB /* ValidateVC.m in Sources */ = {isa = PBXBuildFile; fileRef = C1EB5C4C13CB847900F156DB /* ValidateVC.m */; };
		C1EB5C4F13CB847900F156DB /* ValidateVC.xib in Resources */ = {isa = PBXBuildFile; fileRef = C1EB5C4D13CB847900F156DB /* ValidateVC.xib */; };
		C1EB5C5513CBB07200F156DB /* FinalizeVC.m in Sources */ = {isa = PBXBuildFile; fileRef = C1EB5C5313CBB07100F156DB /* FinalizeVC.m */; };
		C1EB5C5613CBB07200F156DB /* FinalizeVC.xib in Resources */ = {isa = PBXBuildFile; fileRef = C1EB5C5413CBB07200F156DB /* FinalizeVC.xib */; };
		C1EB5C5B13CBB20500F156DB /* WhoVC.m in Sources */ = {isa = PBXBuildFile; fileRef = C1EB5C5913CBB20500F156DB /* WhoVC.m */; };
		C1EB5C5C13CBB20500F156DB /* WhoVC.xib in Resources */ = {isa = PBXBuildFile; fileRef = C1EB5C5A13CBB20500F156DB /* WhoVC.xib */; };
/* End PBXBuildFile section */

/* Begin PBXFileReference section */
		4833FDC913F1673F00943A3D /* ArrowView.h */ = {isa = PBXFileReference; fileEncoding = 4; lastKnownFileType = sourcecode.c.h; path = ArrowView.h; sourceTree = "<group>"; };
		4833FDCA13F1673F00943A3D /* ArrowView.m */ = {isa = PBXFileReference; fileEncoding = 4; lastKnownFileType = sourcecode.c.objc; path = ArrowView.m; sourceTree = "<group>"; };
		4833FDD313F16D7300943A3D /* ExView.h */ = {isa = PBXFileReference; fileEncoding = 4; lastKnownFileType = sourcecode.c.h; path = ExView.h; sourceTree = "<group>"; };
		4833FDD413F16D7300943A3D /* ExView.m */ = {isa = PBXFileReference; fileEncoding = 4; lastKnownFileType = sourcecode.c.objc; path = ExView.m; sourceTree = "<group>"; };
		4833FDDC13F18D4F00943A3D /* SplitListCellView.h */ = {isa = PBXFileReference; fileEncoding = 4; lastKnownFileType = sourcecode.c.h; path = SplitListCellView.h; sourceTree = "<group>"; };
		4833FDDD13F18D5100943A3D /* SplitListCellView.m */ = {isa = PBXFileReference; fileEncoding = 4; lastKnownFileType = sourcecode.c.objc; path = SplitListCellView.m; sourceTree = "<group>"; };
		48869FB213F49C66000B4812 /* StaticListView.h */ = {isa = PBXFileReference; fileEncoding = 4; lastKnownFileType = sourcecode.c.h; path = StaticListView.h; sourceTree = "<group>"; };
		48869FB313F49C66000B4812 /* StaticListView.m */ = {isa = PBXFileReference; fileEncoding = 4; lastKnownFileType = sourcecode.c.objc; path = StaticListView.m; sourceTree = "<group>"; };
		48869FBC13F4B8F9000B4812 /* AddressBook.framework */ = {isa = PBXFileReference; lastKnownFileType = wrapper.framework; name = AddressBook.framework; path = System/Library/Frameworks/AddressBook.framework; sourceTree = SDKROOT; };
		48869FBD13F4B8F9000B4812 /* AddressBookUI.framework */ = {isa = PBXFileReference; lastKnownFileType = wrapper.framework; name = AddressBookUI.framework; path = System/Library/Frameworks/AddressBookUI.framework; sourceTree = SDKROOT; };
		48869FC013F4B976000B4812 /* PlusButtonView.h */ = {isa = PBXFileReference; fileEncoding = 4; lastKnownFileType = sourcecode.c.h; path = PlusButtonView.h; sourceTree = "<group>"; };
		48869FC113F4B976000B4812 /* PlusButtonView.m */ = {isa = PBXFileReference; fileEncoding = 4; lastKnownFileType = sourcecode.c.objc; path = PlusButtonView.m; sourceTree = "<group>"; };
		48AF6BEF13C8F6510062B769 /* SlideViewController.h */ = {isa = PBXFileReference; fileEncoding = 4; lastKnownFileType = sourcecode.c.h; path = SlideViewController.h; sourceTree = "<group>"; };
		48AF6BF013C8F6510062B769 /* SlideViewController.m */ = {isa = PBXFileReference; fileEncoding = 4; lastKnownFileType = sourcecode.c.objc; path = SlideViewController.m; sourceTree = "<group>"; };
		48AF6BF213C8F6720062B769 /* ViewPlaceHolder.h */ = {isa = PBXFileReference; fileEncoding = 4; lastKnownFileType = sourcecode.c.h; path = ViewPlaceHolder.h; sourceTree = "<group>"; };
		48AF6BF313C8F6720062B769 /* ViewPlaceHolder.m */ = {isa = PBXFileReference; fileEncoding = 4; lastKnownFileType = sourcecode.c.objc; path = ViewPlaceHolder.m; sourceTree = "<group>"; };
		48BC158E13F0AB5A00E14779 /* SplitListViewController.h */ = {isa = PBXFileReference; fileEncoding = 4; lastKnownFileType = sourcecode.c.h; path = SplitListViewController.h; sourceTree = "<group>"; };
		48BC158F13F0AB5A00E14779 /* SplitListViewController.m */ = {isa = PBXFileReference; fileEncoding = 4; lastKnownFileType = sourcecode.c.objc; path = SplitListViewController.m; sourceTree = "<group>"; };
		C1C2C01313C8C48C00CD103D /* Gather.app */ = {isa = PBXFileReference; explicitFileType = wrapper.application; includeInIndex = 0; path = Gather.app; sourceTree = BUILT_PRODUCTS_DIR; };
		C1C2C01713C8C48C00CD103D /* UIKit.framework */ = {isa = PBXFileReference; lastKnownFileType = wrapper.framework; name = UIKit.framework; path = System/Library/Frameworks/UIKit.framework; sourceTree = SDKROOT; };
		C1C2C01913C8C48C00CD103D /* Foundation.framework */ = {isa = PBXFileReference; lastKnownFileType = wrapper.framework; name = Foundation.framework; path = System/Library/Frameworks/Foundation.framework; sourceTree = SDKROOT; };
		C1C2C01B13C8C48C00CD103D /* CoreGraphics.framework */ = {isa = PBXFileReference; lastKnownFileType = wrapper.framework; name = CoreGraphics.framework; path = System/Library/Frameworks/CoreGraphics.framework; sourceTree = SDKROOT; };
		C1C2C01D13C8C48C00CD103D /* CoreData.framework */ = {isa = PBXFileReference; lastKnownFileType = wrapper.framework; name = CoreData.framework; path = System/Library/Frameworks/CoreData.framework; sourceTree = SDKROOT; };
		C1C2C02113C8C48C00CD103D /* Gather-Info.plist */ = {isa = PBXFileReference; lastKnownFileType = text.plist.xml; path = "Gather-Info.plist"; sourceTree = "<group>"; };
		C1C2C02313C8C48C00CD103D /* en */ = {isa = PBXFileReference; lastKnownFileType = text.plist.strings; name = en; path = en.lproj/InfoPlist.strings; sourceTree = "<group>"; };
		C1C2C02513C8C48C00CD103D /* Gather-Prefix.pch */ = {isa = PBXFileReference; lastKnownFileType = sourcecode.c.h; path = "Gather-Prefix.pch"; sourceTree = "<group>"; };
		C1C2C02613C8C48C00CD103D /* main.m */ = {isa = PBXFileReference; lastKnownFileType = sourcecode.c.objc; path = main.m; sourceTree = "<group>"; };
		C1C2C02813C8C48C00CD103D /* GatherAppDelegate.h */ = {isa = PBXFileReference; lastKnownFileType = sourcecode.c.h; path = GatherAppDelegate.h; sourceTree = "<group>"; };
		C1C2C02913C8C48C00CD103D /* GatherAppDelegate.m */ = {isa = PBXFileReference; lastKnownFileType = sourcecode.c.objc; path = GatherAppDelegate.m; sourceTree = "<group>"; };
		C1C2C02C13C8C48C00CD103D /* Gather.xcdatamodel */ = {isa = PBXFileReference; lastKnownFileType = wrapper.xcdatamodel; path = Gather.xcdatamodel; sourceTree = "<group>"; };
		C1C2C02F13C8C48D00CD103D /* GatherAppDelegate_iPhone.h */ = {isa = PBXFileReference; lastKnownFileType = sourcecode.c.h; name = GatherAppDelegate_iPhone.h; path = iPhone/GatherAppDelegate_iPhone.h; sourceTree = "<group>"; };
		C1C2C03013C8C48D00CD103D /* GatherAppDelegate_iPhone.m */ = {isa = PBXFileReference; lastKnownFileType = sourcecode.c.objc; name = GatherAppDelegate_iPhone.m; path = iPhone/GatherAppDelegate_iPhone.m; sourceTree = "<group>"; };
		C1C2C03313C8C48D00CD103D /* en */ = {isa = PBXFileReference; lastKnownFileType = file.xib; name = en; path = iPhone/en.lproj/MainWindow_iPhone.xib; sourceTree = "<group>"; };
		C1C2C03613C8C48D00CD103D /* GatherAppDelegate_iPad.h */ = {isa = PBXFileReference; lastKnownFileType = sourcecode.c.h; name = GatherAppDelegate_iPad.h; path = iPad/GatherAppDelegate_iPad.h; sourceTree = "<group>"; };
		C1C2C03713C8C48D00CD103D /* GatherAppDelegate_iPad.m */ = {isa = PBXFileReference; lastKnownFileType = sourcecode.c.objc; name = GatherAppDelegate_iPad.m; path = iPad/GatherAppDelegate_iPad.m; sourceTree = "<group>"; };
		C1C2C03A13C8C48D00CD103D /* en */ = {isa = PBXFileReference; lastKnownFileType = file.xib; name = en; path = iPad/en.lproj/MainWindow_iPad.xib; sourceTree = "<group>"; };
		C1EB58E413CB6B5600F156DB /* ConnectionManager.h */ = {isa = PBXFileReference; fileEncoding = 4; lastKnownFileType = sourcecode.c.h; name = ConnectionManager.h; path = Common/ConnectionManager.h; sourceTree = "<group>"; };
		C1EB58E513CB6B5600F156DB /* ConnectionManager.m */ = {isa = PBXFileReference; fileEncoding = 4; lastKnownFileType = sourcecode.c.objc; name = ConnectionManager.m; path = Common/ConnectionManager.m; sourceTree = "<group>"; };
		C1EB58E613CB6B5600F156DB /* GatherAPI.h */ = {isa = PBXFileReference; fileEncoding = 4; lastKnownFileType = sourcecode.c.h; name = GatherAPI.h; path = Common/GatherAPI.h; sourceTree = "<group>"; };
		C1EB58E713CB6B5600F156DB /* GatherAPI.m */ = {isa = PBXFileReference; fileEncoding = 4; lastKnownFileType = sourcecode.c.objc; name = GatherAPI.m; path = Common/GatherAPI.m; sourceTree = "<group>"; };
		C1EB58E813CB6B5600F156DB /* IndexedURLConnection.h */ = {isa = PBXFileReference; fileEncoding = 4; lastKnownFileType = sourcecode.c.h; name = IndexedURLConnection.h; path = Common/IndexedURLConnection.h; sourceTree = "<group>"; };
		C1EB58E913CB6B5600F156DB /* IndexedURLConnection.m */ = {isa = PBXFileReference; fileEncoding = 4; lastKnownFileType = sourcecode.c.objc; name = IndexedURLConnection.m; path = Common/IndexedURLConnection.m; sourceTree = "<group>"; };
		C1EB58EE13CB6B9000F156DB /* NetworkingTestVC.h */ = {isa = PBXFileReference; fileEncoding = 4; lastKnownFileType = sourcecode.c.h; name = NetworkingTestVC.h; path = iPhone/NetworkingTestVC.h; sourceTree = "<group>"; };
		C1EB58EF13CB6B9000F156DB /* NetworkingTestVC.m */ = {isa = PBXFileReference; fileEncoding = 4; lastKnownFileType = sourcecode.c.objc; name = NetworkingTestVC.m; path = iPhone/NetworkingTestVC.m; sourceTree = "<group>"; };
		C1EB58F013CB6B9000F156DB /* NetworkingTestVC.xib */ = {isa = PBXFileReference; fileEncoding = 4; lastKnownFileType = file.xib; name = NetworkingTestVC.xib; path = iPhone/NetworkingTestVC.xib; sourceTree = "<group>"; };
		C1EB5C1713CB6D7100F156DB /* NSObject+SBJson.h */ = {isa = PBXFileReference; fileEncoding = 4; lastKnownFileType = sourcecode.c.h; path = "NSObject+SBJson.h"; sourceTree = "<group>"; };
		C1EB5C1813CB6D7100F156DB /* NSObject+SBJson.m */ = {isa = PBXFileReference; fileEncoding = 4; lastKnownFileType = sourcecode.c.objc; path = "NSObject+SBJson.m"; sourceTree = "<group>"; };
		C1EB5C1913CB6D7100F156DB /* SBJson.h */ = {isa = PBXFileReference; fileEncoding = 4; lastKnownFileType = sourcecode.c.h; path = SBJson.h; sourceTree = "<group>"; };
		C1EB5C1A13CB6D7100F156DB /* SBJsonParser.h */ = {isa = PBXFileReference; fileEncoding = 4; lastKnownFileType = sourcecode.c.h; path = SBJsonParser.h; sourceTree = "<group>"; };
		C1EB5C1B13CB6D7100F156DB /* SBJsonParser.m */ = {isa = PBXFileReference; fileEncoding = 4; lastKnownFileType = sourcecode.c.objc; path = SBJsonParser.m; sourceTree = "<group>"; };
		C1EB5C1C13CB6D7100F156DB /* SBJsonStreamParser.h */ = {isa = PBXFileReference; fileEncoding = 4; lastKnownFileType = sourcecode.c.h; path = SBJsonStreamParser.h; sourceTree = "<group>"; };
		C1EB5C1D13CB6D7100F156DB /* SBJsonStreamParser.m */ = {isa = PBXFileReference; fileEncoding = 4; lastKnownFileType = sourcecode.c.objc; path = SBJsonStreamParser.m; sourceTree = "<group>"; };
		C1EB5C1E13CB6D7100F156DB /* SBJsonStreamParserAccumulator.h */ = {isa = PBXFileReference; fileEncoding = 4; lastKnownFileType = sourcecode.c.h; path = SBJsonStreamParserAccumulator.h; sourceTree = "<group>"; };
		C1EB5C1F13CB6D7100F156DB /* SBJsonStreamParserAccumulator.m */ = {isa = PBXFileReference; fileEncoding = 4; lastKnownFileType = sourcecode.c.objc; path = SBJsonStreamParserAccumulator.m; sourceTree = "<group>"; };
		C1EB5C2013CB6D7100F156DB /* SBJsonStreamParserAdapter.h */ = {isa = PBXFileReference; fileEncoding = 4; lastKnownFileType = sourcecode.c.h; path = SBJsonStreamParserAdapter.h; sourceTree = "<group>"; };
		C1EB5C2113CB6D7100F156DB /* SBJsonStreamParserAdapter.m */ = {isa = PBXFileReference; fileEncoding = 4; lastKnownFileType = sourcecode.c.objc; path = SBJsonStreamParserAdapter.m; sourceTree = "<group>"; };
		C1EB5C2213CB6D7100F156DB /* SBJsonStreamParserState.h */ = {isa = PBXFileReference; fileEncoding = 4; lastKnownFileType = sourcecode.c.h; path = SBJsonStreamParserState.h; sourceTree = "<group>"; };
		C1EB5C2313CB6D7100F156DB /* SBJsonStreamParserState.m */ = {isa = PBXFileReference; fileEncoding = 4; lastKnownFileType = sourcecode.c.objc; path = SBJsonStreamParserState.m; sourceTree = "<group>"; };
		C1EB5C2413CB6D7100F156DB /* SBJsonStreamWriter.h */ = {isa = PBXFileReference; fileEncoding = 4; lastKnownFileType = sourcecode.c.h; path = SBJsonStreamWriter.h; sourceTree = "<group>"; };
		C1EB5C2513CB6D7100F156DB /* SBJsonStreamWriter.m */ = {isa = PBXFileReference; fileEncoding = 4; lastKnownFileType = sourcecode.c.objc; path = SBJsonStreamWriter.m; sourceTree = "<group>"; };
		C1EB5C2613CB6D7100F156DB /* SBJsonStreamWriterAccumulator.h */ = {isa = PBXFileReference; fileEncoding = 4; lastKnownFileType = sourcecode.c.h; path = SBJsonStreamWriterAccumulator.h; sourceTree = "<group>"; };
		C1EB5C2713CB6D7100F156DB /* SBJsonStreamWriterAccumulator.m */ = {isa = PBXFileReference; fileEncoding = 4; lastKnownFileType = sourcecode.c.objc; path = SBJsonStreamWriterAccumulator.m; sourceTree = "<group>"; };
		C1EB5C2813CB6D7100F156DB /* SBJsonStreamWriterState.h */ = {isa = PBXFileReference; fileEncoding = 4; lastKnownFileType = sourcecode.c.h; path = SBJsonStreamWriterState.h; sourceTree = "<group>"; };
		C1EB5C2913CB6D7100F156DB /* SBJsonStreamWriterState.m */ = {isa = PBXFileReference; fileEncoding = 4; lastKnownFileType = sourcecode.c.objc; path = SBJsonStreamWriterState.m; sourceTree = "<group>"; };
		C1EB5C2A13CB6D7100F156DB /* SBJsonTokeniser.h */ = {isa = PBXFileReference; fileEncoding = 4; lastKnownFileType = sourcecode.c.h; path = SBJsonTokeniser.h; sourceTree = "<group>"; };
		C1EB5C2B13CB6D7100F156DB /* SBJsonTokeniser.m */ = {isa = PBXFileReference; fileEncoding = 4; lastKnownFileType = sourcecode.c.objc; path = SBJsonTokeniser.m; sourceTree = "<group>"; };
		C1EB5C2C13CB6D7100F156DB /* SBJsonUTF8Stream.h */ = {isa = PBXFileReference; fileEncoding = 4; lastKnownFileType = sourcecode.c.h; path = SBJsonUTF8Stream.h; sourceTree = "<group>"; };
		C1EB5C2D13CB6D7100F156DB /* SBJsonUTF8Stream.m */ = {isa = PBXFileReference; fileEncoding = 4; lastKnownFileType = sourcecode.c.objc; path = SBJsonUTF8Stream.m; sourceTree = "<group>"; };
		C1EB5C2E13CB6D7100F156DB /* SBJsonWriter.h */ = {isa = PBXFileReference; fileEncoding = 4; lastKnownFileType = sourcecode.c.h; path = SBJsonWriter.h; sourceTree = "<group>"; };
		C1EB5C2F13CB6D7100F156DB /* SBJsonWriter.m */ = {isa = PBXFileReference; fileEncoding = 4; lastKnownFileType = sourcecode.c.objc; path = SBJsonWriter.m; sourceTree = "<group>"; };
		C1EB5C3C13CB6DB800F156DB /* SessionData.h */ = {isa = PBXFileReference; fileEncoding = 4; lastKnownFileType = sourcecode.c.h; name = SessionData.h; path = Common/SessionData.h; sourceTree = "<group>"; };
		C1EB5C3D13CB6DB800F156DB /* SessionData.m */ = {isa = PBXFileReference; fileEncoding = 4; lastKnownFileType = sourcecode.c.objc; name = SessionData.m; path = Common/SessionData.m; sourceTree = "<group>"; };
		C1EB5C4013CB70E500F156DB /* UniversLTStd-UltraCn.otf */ = {isa = PBXFileReference; lastKnownFileType = file; path = "UniversLTStd-UltraCn.otf"; sourceTree = "<group>"; };
		C1EB5C4313CB727A00F156DB /* LoginVC.h */ = {isa = PBXFileReference; fileEncoding = 4; lastKnownFileType = sourcecode.c.h; name = LoginVC.h; path = iPhone/LoginVC.h; sourceTree = "<group>"; };
		C1EB5C4413CB727A00F156DB /* LoginVC.m */ = {isa = PBXFileReference; fileEncoding = 4; lastKnownFileType = sourcecode.c.objc; name = LoginVC.m; path = iPhone/LoginVC.m; sourceTree = "<group>"; };
		C1EB5C4513CB727A00F156DB /* LoginVC.xib */ = {isa = PBXFileReference; fileEncoding = 4; lastKnownFileType = file.xib; name = LoginVC.xib; path = iPhone/LoginVC.xib; sourceTree = "<group>"; };
		C1EB5C4813CB79F500F156DB /* PhoneNumberFormatter.h */ = {isa = PBXFileReference; fileEncoding = 4; lastKnownFileType = sourcecode.c.h; name = PhoneNumberFormatter.h; path = Gather/Common/PhoneNumberFormatter.h; sourceTree = "<group>"; };
		C1EB5C4913CB79F500F156DB /* PhoneNumberFormatter.m */ = {isa = PBXFileReference; fileEncoding = 4; lastKnownFileType = sourcecode.c.objc; name = PhoneNumberFormatter.m; path = Gather/Common/PhoneNumberFormatter.m; sourceTree = "<group>"; };
		C1EB5C4B13CB847900F156DB /* ValidateVC.h */ = {isa = PBXFileReference; fileEncoding = 4; lastKnownFileType = sourcecode.c.h; name = ValidateVC.h; path = iPhone/ValidateVC.h; sourceTree = "<group>"; };
		C1EB5C4C13CB847900F156DB /* ValidateVC.m */ = {isa = PBXFileReference; fileEncoding = 4; lastKnownFileType = sourcecode.c.objc; name = ValidateVC.m; path = iPhone/ValidateVC.m; sourceTree = "<group>"; };
		C1EB5C4D13CB847900F156DB /* ValidateVC.xib */ = {isa = PBXFileReference; fileEncoding = 4; lastKnownFileType = file.xib; name = ValidateVC.xib; path = iPhone/ValidateVC.xib; sourceTree = "<group>"; };
		C1EB5C5013CB9DF400F156DB /* GatherAppState.h */ = {isa = PBXFileReference; fileEncoding = 4; lastKnownFileType = sourcecode.c.h; name = GatherAppState.h; path = Common/GatherAppState.h; sourceTree = "<group>"; };
		C1EB5C5213CBB07100F156DB /* FinalizeVC.h */ = {isa = PBXFileReference; fileEncoding = 4; lastKnownFileType = sourcecode.c.h; name = FinalizeVC.h; path = iPhone/FinalizeVC.h; sourceTree = "<group>"; };
		C1EB5C5313CBB07100F156DB /* FinalizeVC.m */ = {isa = PBXFileReference; fileEncoding = 4; lastKnownFileType = sourcecode.c.objc; name = FinalizeVC.m; path = iPhone/FinalizeVC.m; sourceTree = "<group>"; };
		C1EB5C5413CBB07200F156DB /* FinalizeVC.xib */ = {isa = PBXFileReference; fileEncoding = 4; lastKnownFileType = file.xib; name = FinalizeVC.xib; path = iPhone/FinalizeVC.xib; sourceTree = "<group>"; };
		C1EB5C5813CBB20500F156DB /* WhoVC.h */ = {isa = PBXFileReference; fileEncoding = 4; lastKnownFileType = sourcecode.c.h; name = WhoVC.h; path = iPhone/WhoVC.h; sourceTree = "<group>"; };
		C1EB5C5913CBB20500F156DB /* WhoVC.m */ = {isa = PBXFileReference; fileEncoding = 4; lastKnownFileType = sourcecode.c.objc; name = WhoVC.m; path = iPhone/WhoVC.m; sourceTree = "<group>"; };
		C1EB5C5A13CBB20500F156DB /* WhoVC.xib */ = {isa = PBXFileReference; fileEncoding = 4; lastKnownFileType = file.xib; name = WhoVC.xib; path = iPhone/WhoVC.xib; sourceTree = "<group>"; };
/* End PBXFileReference section */

/* Begin PBXFrameworksBuildPhase section */
		C1C2C01013C8C48C00CD103D /* Frameworks */ = {
			isa = PBXFrameworksBuildPhase;
			buildActionMask = 2147483647;
			files = (
				48869FBE13F4B8F9000B4812 /* AddressBook.framework in Frameworks */,
				48869FBF13F4B8F9000B4812 /* AddressBookUI.framework in Frameworks */,
				C1C2C01813C8C48C00CD103D /* UIKit.framework in Frameworks */,
				C1C2C01A13C8C48C00CD103D /* Foundation.framework in Frameworks */,
				C1C2C01C13C8C48C00CD103D /* CoreGraphics.framework in Frameworks */,
				C1C2C01E13C8C48C00CD103D /* CoreData.framework in Frameworks */,
			);
			runOnlyForDeploymentPostprocessing = 0;
		};
/* End PBXFrameworksBuildPhase section */

/* Begin PBXGroup section */
		48AF6BDF13C8DEC60062B769 /* UI Classes */ = {
			isa = PBXGroup;
			children = (
				48BC158E13F0AB5A00E14779 /* SplitListViewController.h */,
				48BC158F13F0AB5A00E14779 /* SplitListViewController.m */,
				48869FC013F4B976000B4812 /* PlusButtonView.h */,
				48869FC113F4B976000B4812 /* PlusButtonView.m */,
				48869FB213F49C66000B4812 /* StaticListView.h */,
				48869FB313F49C66000B4812 /* StaticListView.m */,
				4833FDDC13F18D4F00943A3D /* SplitListCellView.h */,
				4833FDDD13F18D5100943A3D /* SplitListCellView.m */,
				4833FDC913F1673F00943A3D /* ArrowView.h */,
				4833FDCA13F1673F00943A3D /* ArrowView.m */,
				4833FDD313F16D7300943A3D /* ExView.h */,
				4833FDD413F16D7300943A3D /* ExView.m */,
				48AF6BEF13C8F6510062B769 /* SlideViewController.h */,
				48AF6BF013C8F6510062B769 /* SlideViewController.m */,
				48AF6BF213C8F6720062B769 /* ViewPlaceHolder.h */,
				48AF6BF313C8F6720062B769 /* ViewPlaceHolder.m */,
			);
			name = "UI Classes";
			sourceTree = "<group>";
		};
		C1C2C00813C8C48C00CD103D = {
			isa = PBXGroup;
			children = (
				CA60322D146505D500D8EA0A /* Third Party */,
				C1C2C01F13C8C48C00CD103D /* Gather */,
				C1C2C01613C8C48C00CD103D /* Frameworks */,
				C1C2C01413C8C48C00CD103D /* Products */,
			);
			sourceTree = "<group>";
		};
		C1C2C01413C8C48C00CD103D /* Products */ = {
			isa = PBXGroup;
			children = (
				C1C2C01313C8C48C00CD103D /* Gather.app */,
			);
			name = Products;
			sourceTree = "<group>";
		};
		C1C2C01613C8C48C00CD103D /* Frameworks */ = {
			isa = PBXGroup;
			children = (
				48869FBC13F4B8F9000B4812 /* AddressBook.framework */,
				48869FBD13F4B8F9000B4812 /* AddressBookUI.framework */,
				C1C2C01713C8C48C00CD103D /* UIKit.framework */,
				C1C2C01913C8C48C00CD103D /* Foundation.framework */,
				C1C2C01B13C8C48C00CD103D /* CoreGraphics.framework */,
				C1C2C01D13C8C48C00CD103D /* CoreData.framework */,
			);
			name = Frameworks;
			sourceTree = "<group>";
		};
		C1C2C01F13C8C48C00CD103D /* Gather */ = {
			isa = PBXGroup;
			children = (
				C1C2C02813C8C48C00CD103D /* GatherAppDelegate.h */,
				C1C2C02913C8C48C00CD103D /* GatherAppDelegate.m */,
				C1C2C02B13C8C48C00CD103D /* Gather.xcdatamodeld */,
				C1EB5C3F13CB70E500F156DB /* Resources */,
				C1EB58E113CB6B3900F156DB /* Common */,
				C1C2C02E13C8C48C00CD103D /* iPhone */,
				C1C2C03513C8C48D00CD103D /* iPad */,
				C1C2C02013C8C48C00CD103D /* Supporting Files */,
			);
			name = Gather;
			path = Gather;
			sourceTree = "<group>";
		};
		C1C2C02013C8C48C00CD103D /* Supporting Files */ = {
			isa = PBXGroup;
			children = (
				C1C2C02113C8C48C00CD103D /* Gather-Info.plist */,
				C1C2C02213C8C48C00CD103D /* InfoPlist.strings */,
				C1C2C02513C8C48C00CD103D /* Gather-Prefix.pch */,
				C1C2C02613C8C48C00CD103D /* main.m */,
			);
			name = "Supporting Files";
			sourceTree = "<group>";
		};
		C1C2C02E13C8C48C00CD103D /* iPhone */ = {
			isa = PBXGroup;
			children = (
				C1EB5C4213CB725300F156DB /* VCs */,
				C1EB58ED13CB6B7D00F156DB /* UI Tests */,
				48AF6BDF13C8DEC60062B769 /* UI Classes */,
				C1C2C02F13C8C48D00CD103D /* GatherAppDelegate_iPhone.h */,
				C1C2C03013C8C48D00CD103D /* GatherAppDelegate_iPhone.m */,
				C1C2C03213C8C48D00CD103D /* MainWindow_iPhone.xib */,
			);
			name = iPhone;
			sourceTree = "<group>";
		};
		C1C2C03513C8C48D00CD103D /* iPad */ = {
			isa = PBXGroup;
			children = (
				C1C2C03613C8C48D00CD103D /* GatherAppDelegate_iPad.h */,
				C1C2C03713C8C48D00CD103D /* GatherAppDelegate_iPad.m */,
				C1C2C03913C8C48D00CD103D /* MainWindow_iPad.xib */,
			);
			name = iPad;
			sourceTree = "<group>";
		};
		C1EB58E113CB6B3900F156DB /* Common */ = {
			isa = PBXGroup;
			children = (
				C1EB58E313CB6B4300F156DB /* Server */,
				C1EB5C5013CB9DF400F156DB /* GatherAppState.h */,
			);
			name = Common;
			sourceTree = "<group>";
		};
		C1EB58E313CB6B4300F156DB /* Server */ = {
			isa = PBXGroup;
			children = (
				C1EB5C3C13CB6DB800F156DB /* SessionData.h */,
				C1EB5C3D13CB6DB800F156DB /* SessionData.m */,
				C1EB58E413CB6B5600F156DB /* ConnectionManager.h */,
				C1EB58E513CB6B5600F156DB /* ConnectionManager.m */,
				C1EB58E613CB6B5600F156DB /* GatherAPI.h */,
				C1EB58E713CB6B5600F156DB /* GatherAPI.m */,
				C1EB58E813CB6B5600F156DB /* IndexedURLConnection.h */,
				C1EB58E913CB6B5600F156DB /* IndexedURLConnection.m */,
			);
			name = Server;
			sourceTree = "<group>";
		};
		C1EB58ED13CB6B7D00F156DB /* UI Tests */ = {
			isa = PBXGroup;
			children = (
				C1EB58EE13CB6B9000F156DB /* NetworkingTestVC.h */,
				C1EB58EF13CB6B9000F156DB /* NetworkingTestVC.m */,
				C1EB58F013CB6B9000F156DB /* NetworkingTestVC.xib */,
			);
			name = "UI Tests";
			sourceTree = "<group>";
		};
		C1EB5C1613CB6D7100F156DB /* SBJson */ = {
			isa = PBXGroup;
			children = (
				C1EB5C1713CB6D7100F156DB /* NSObject+SBJson.h */,
				C1EB5C1813CB6D7100F156DB /* NSObject+SBJson.m */,
				C1EB5C1913CB6D7100F156DB /* SBJson.h */,
				C1EB5C1A13CB6D7100F156DB /* SBJsonParser.h */,
				C1EB5C1B13CB6D7100F156DB /* SBJsonParser.m */,
				C1EB5C1C13CB6D7100F156DB /* SBJsonStreamParser.h */,
				C1EB5C1D13CB6D7100F156DB /* SBJsonStreamParser.m */,
				C1EB5C1E13CB6D7100F156DB /* SBJsonStreamParserAccumulator.h */,
				C1EB5C1F13CB6D7100F156DB /* SBJsonStreamParserAccumulator.m */,
				C1EB5C2013CB6D7100F156DB /* SBJsonStreamParserAdapter.h */,
				C1EB5C2113CB6D7100F156DB /* SBJsonStreamParserAdapter.m */,
				C1EB5C2213CB6D7100F156DB /* SBJsonStreamParserState.h */,
				C1EB5C2313CB6D7100F156DB /* SBJsonStreamParserState.m */,
				C1EB5C2413CB6D7100F156DB /* SBJsonStreamWriter.h */,
				C1EB5C2513CB6D7100F156DB /* SBJsonStreamWriter.m */,
				C1EB5C2613CB6D7100F156DB /* SBJsonStreamWriterAccumulator.h */,
				C1EB5C2713CB6D7100F156DB /* SBJsonStreamWriterAccumulator.m */,
				C1EB5C2813CB6D7100F156DB /* SBJsonStreamWriterState.h */,
				C1EB5C2913CB6D7100F156DB /* SBJsonStreamWriterState.m */,
				C1EB5C2A13CB6D7100F156DB /* SBJsonTokeniser.h */,
				C1EB5C2B13CB6D7100F156DB /* SBJsonTokeniser.m */,
				C1EB5C2C13CB6D7100F156DB /* SBJsonUTF8Stream.h */,
				C1EB5C2D13CB6D7100F156DB /* SBJsonUTF8Stream.m */,
				C1EB5C2E13CB6D7100F156DB /* SBJsonWriter.h */,
				C1EB5C2F13CB6D7100F156DB /* SBJsonWriter.m */,
			);
			name = SBJson;
			path = "../json-framework/Classes";
			sourceTree = "<group>";
		};
		C1EB5C3F13CB70E500F156DB /* Resources */ = {
			isa = PBXGroup;
			children = (
				C1EB5C4013CB70E500F156DB /* UniversLTStd-UltraCn.otf */,
			);
			path = Resources;
			sourceTree = "<group>";
		};
		C1EB5C4213CB725300F156DB /* VCs */ = {
			isa = PBXGroup;
			children = (
				C1EB5C5113CBA31A00F156DB /* Authentication Flow */,
				C1EB5C5713CBB1DF00F156DB /* Construct */,
			);
			name = VCs;
			sourceTree = "<group>";
		};
		C1EB5C5113CBA31A00F156DB /* Authentication Flow */ = {
			isa = PBXGroup;
			children = (
				C1EB5C4313CB727A00F156DB /* LoginVC.h */,
				C1EB5C4413CB727A00F156DB /* LoginVC.m */,
				C1EB5C4513CB727A00F156DB /* LoginVC.xib */,
				C1EB5C4B13CB847900F156DB /* ValidateVC.h */,
				C1EB5C4C13CB847900F156DB /* ValidateVC.m */,
				C1EB5C4D13CB847900F156DB /* ValidateVC.xib */,
				C1EB5C5213CBB07100F156DB /* FinalizeVC.h */,
				C1EB5C5313CBB07100F156DB /* FinalizeVC.m */,
				C1EB5C5413CBB07200F156DB /* FinalizeVC.xib */,
			);
			name = "Authentication Flow";
			sourceTree = "<group>";
		};
		C1EB5C5713CBB1DF00F156DB /* Construct */ = {
			isa = PBXGroup;
			children = (
				C1EB5C5813CBB20500F156DB /* WhoVC.h */,
				C1EB5C5913CBB20500F156DB /* WhoVC.m */,
				C1EB5C5A13CBB20500F156DB /* WhoVC.xib */,
			);
			name = Construct;
			sourceTree = "<group>";
		};
		CA60322D146505D500D8EA0A /* Third Party */ = {
			isa = PBXGroup;
			children = (
				CA60322E146505F900D8EA0A /* PhoneNumberFormatter */,
				C1EB5C1613CB6D7100F156DB /* SBJson */,
			);
			name = "Third Party";
			sourceTree = "<group>";
		};
		CA60322E146505F900D8EA0A /* PhoneNumberFormatter */ = {
			isa = PBXGroup;
			children = (
				C1EB5C4813CB79F500F156DB /* PhoneNumberFormatter.h */,
				C1EB5C4913CB79F500F156DB /* PhoneNumberFormatter.m */,
			);
			name = PhoneNumberFormatter;
			sourceTree = "<group>";
		};
/* End PBXGroup section */

/* Begin PBXNativeTarget section */
		C1C2C01213C8C48C00CD103D /* Gather */ = {
			isa = PBXNativeTarget;
			buildConfigurationList = C1C2C03E13C8C48D00CD103D /* Build configuration list for PBXNativeTarget "Gather" */;
			buildPhases = (
				C1C2C00F13C8C48C00CD103D /* Sources */,
				C1C2C01013C8C48C00CD103D /* Frameworks */,
				C1C2C01113C8C48C00CD103D /* Resources */,
			);
			buildRules = (
			);
			dependencies = (
			);
			name = Gather;
			productName = Gather;
			productReference = C1C2C01313C8C48C00CD103D /* Gather.app */;
			productType = "com.apple.product-type.application";
		};
/* End PBXNativeTarget section */

/* Begin PBXProject section */
		C1C2C00A13C8C48C00CD103D /* Project object */ = {
			isa = PBXProject;
			attributes = {
				ORGANIZATIONNAME = "Meedeor, LLC";
			};
			buildConfigurationList = C1C2C00D13C8C48C00CD103D /* Build configuration list for PBXProject "Gather" */;
			compatibilityVersion = "Xcode 3.2";
			developmentRegion = English;
			hasScannedForEncodings = 0;
			knownRegions = (
				en,
			);
			mainGroup = C1C2C00813C8C48C00CD103D;
			productRefGroup = C1C2C01413C8C48C00CD103D /* Products */;
			projectDirPath = "";
			projectRoot = "";
			targets = (
				C1C2C01213C8C48C00CD103D /* Gather */,
			);
		};
/* End PBXProject section */

/* Begin PBXResourcesBuildPhase section */
		C1C2C01113C8C48C00CD103D /* Resources */ = {
			isa = PBXResourcesBuildPhase;
			buildActionMask = 2147483647;
			files = (
				C1C2C02413C8C48C00CD103D /* InfoPlist.strings in Resources */,
				C1C2C03413C8C48D00CD103D /* MainWindow_iPhone.xib in Resources */,
				C1C2C03B13C8C48D00CD103D /* MainWindow_iPad.xib in Resources */,
				C1EB58F213CB6B9000F156DB /* NetworkingTestVC.xib in Resources */,
				C1EB5C4113CB70E500F156DB /* UniversLTStd-UltraCn.otf in Resources */,
				C1EB5C4713CB727A00F156DB /* LoginVC.xib in Resources */,
				C1EB5C4F13CB847900F156DB /* ValidateVC.xib in Resources */,
				C1EB5C5613CBB07200F156DB /* FinalizeVC.xib in Resources */,
				C1EB5C5C13CBB20500F156DB /* WhoVC.xib in Resources */,
			);
			runOnlyForDeploymentPostprocessing = 0;
		};
/* End PBXResourcesBuildPhase section */

/* Begin PBXSourcesBuildPhase section */
		C1C2C00F13C8C48C00CD103D /* Sources */ = {
			isa = PBXSourcesBuildPhase;
			buildActionMask = 2147483647;
			files = (
				C1C2C02713C8C48C00CD103D /* main.m in Sources */,
				C1C2C02A13C8C48C00CD103D /* GatherAppDelegate.m in Sources */,
				C1C2C02D13C8C48C00CD103D /* Gather.xcdatamodeld in Sources */,
				C1C2C03113C8C48D00CD103D /* GatherAppDelegate_iPhone.m in Sources */,
				C1C2C03813C8C48D00CD103D /* GatherAppDelegate_iPad.m in Sources */,
				48AF6BF113C8F6510062B769 /* SlideViewController.m in Sources */,
				48AF6BF413C8F6720062B769 /* ViewPlaceHolder.m in Sources */,
				C1EB58EA13CB6B5600F156DB /* ConnectionManager.m in Sources */,
				C1EB58EB13CB6B5600F156DB /* GatherAPI.m in Sources */,
				C1EB58EC13CB6B5600F156DB /* IndexedURLConnection.m in Sources */,
				C1EB58F113CB6B9000F156DB /* NetworkingTestVC.m in Sources */,
				C1EB5C3013CB6D7100F156DB /* NSObject+SBJson.m in Sources */,
				C1EB5C3113CB6D7100F156DB /* SBJsonParser.m in Sources */,
				C1EB5C3213CB6D7100F156DB /* SBJsonStreamParser.m in Sources */,
				C1EB5C3313CB6D7100F156DB /* SBJsonStreamParserAccumulator.m in Sources */,
				C1EB5C3413CB6D7100F156DB /* SBJsonStreamParserAdapter.m in Sources */,
				C1EB5C3513CB6D7100F156DB /* SBJsonStreamParserState.m in Sources */,
				C1EB5C3613CB6D7100F156DB /* SBJsonStreamWriter.m in Sources */,
				C1EB5C3713CB6D7100F156DB /* SBJsonStreamWriterAccumulator.m in Sources */,
				C1EB5C3813CB6D7100F156DB /* SBJsonStreamWriterState.m in Sources */,
				C1EB5C3913CB6D7100F156DB /* SBJsonTokeniser.m in Sources */,
				C1EB5C3A13CB6D7100F156DB /* SBJsonUTF8Stream.m in Sources */,
				C1EB5C3B13CB6D7100F156DB /* SBJsonWriter.m in Sources */,
				C1EB5C3E13CB6DB800F156DB /* SessionData.m in Sources */,
				C1EB5C4613CB727A00F156DB /* LoginVC.m in Sources */,
				C1EB5C4A13CB79F500F156DB /* PhoneNumberFormatter.m in Sources */,
				C1EB5C4E13CB847900F156DB /* ValidateVC.m in Sources */,
				C1EB5C5513CBB07200F156DB /* FinalizeVC.m in Sources */,
				C1EB5C5B13CBB20500F156DB /* WhoVC.m in Sources */,
				48BC159013F0AB5A00E14779 /* SplitListViewController.m in Sources */,
				4833FDCB13F1673F00943A3D /* ArrowView.m in Sources */,
				4833FDD513F16D7400943A3D /* ExView.m in Sources */,
				4833FDDE13F18D5100943A3D /* SplitListCellView.m in Sources */,
				48869FB413F49C66000B4812 /* StaticListView.m in Sources */,
				48869FC213F4B976000B4812 /* PlusButtonView.m in Sources */,
			);
			runOnlyForDeploymentPostprocessing = 0;
		};
/* End PBXSourcesBuildPhase section */

/* Begin PBXVariantGroup section */
		C1C2C02213C8C48C00CD103D /* InfoPlist.strings */ = {
			isa = PBXVariantGroup;
			children = (
				C1C2C02313C8C48C00CD103D /* en */,
			);
			name = InfoPlist.strings;
			sourceTree = "<group>";
		};
		C1C2C03213C8C48D00CD103D /* MainWindow_iPhone.xib */ = {
			isa = PBXVariantGroup;
			children = (
				C1C2C03313C8C48D00CD103D /* en */,
			);
			name = MainWindow_iPhone.xib;
			sourceTree = "<group>";
		};
		C1C2C03913C8C48D00CD103D /* MainWindow_iPad.xib */ = {
			isa = PBXVariantGroup;
			children = (
				C1C2C03A13C8C48D00CD103D /* en */,
			);
			name = MainWindow_iPad.xib;
			sourceTree = "<group>";
		};
/* End PBXVariantGroup section */

/* Begin XCBuildConfiguration section */
		C1C2C03C13C8C48D00CD103D /* Debug */ = {
			isa = XCBuildConfiguration;
			buildSettings = {
				ARCHS = "$(ARCHS_STANDARD_32_BIT)";
				"CODE_SIGN_IDENTITY[sdk=iphoneos*]" = "iPhone Developer: Hunter Bridges (57CLLPJ7F6)";
				GCC_C_LANGUAGE_STANDARD = gnu99;
				GCC_OPTIMIZATION_LEVEL = 0;
				GCC_PREPROCESSOR_DEFINITIONS = DEBUG;
				GCC_SYMBOLS_PRIVATE_EXTERN = NO;
				GCC_VERSION = com.apple.compilers.llvmgcc42;
				GCC_WARN_ABOUT_RETURN_TYPE = YES;
				GCC_WARN_UNUSED_VARIABLE = YES;
				IPHONEOS_DEPLOYMENT_TARGET = 4.0;
				"PROVISIONING_PROFILE[sdk=iphoneos*]" = "D871EDD5-2346-4F0C-B241-BD963B78FDD4";
				SDKROOT = iphoneos;
				TARGETED_DEVICE_FAMILY = "1,2";
			};
			name = Debug;
		};
		C1C2C03D13C8C48D00CD103D /* Release */ = {
			isa = XCBuildConfiguration;
			buildSettings = {
				ARCHS = "$(ARCHS_STANDARD_32_BIT)";
				"CODE_SIGN_IDENTITY[sdk=iphoneos*]" = "iPhone Developer";
				GCC_C_LANGUAGE_STANDARD = gnu99;
				GCC_VERSION = com.apple.compilers.llvmgcc42;
				GCC_WARN_ABOUT_RETURN_TYPE = YES;
				GCC_WARN_UNUSED_VARIABLE = YES;
				IPHONEOS_DEPLOYMENT_TARGET = 4.0;
				OTHER_CFLAGS = "-DNS_BLOCK_ASSERTIONS=1";
				SDKROOT = iphoneos;
				TARGETED_DEVICE_FAMILY = "1,2";
			};
			name = Release;
		};
		C1C2C03F13C8C48D00CD103D /* Debug */ = {
			isa = XCBuildConfiguration;
			buildSettings = {
				ALWAYS_SEARCH_USER_PATHS = NO;
				CODE_SIGN_IDENTITY = "iPhone Developer: Hunter Bridges (57CLLPJ7F6)";
				COPY_PHASE_STRIP = NO;
				GCC_DYNAMIC_NO_PIC = NO;
				GCC_PRECOMPILE_PREFIX_HEADER = YES;
				GCC_PREFIX_HEADER = "Gather/Gather-Prefix.pch";
				HEADER_SEARCH_PATHS = "../json-framework/Classes";
				INFOPLIST_FILE = "Gather/Gather-Info.plist";
				IPHONEOS_DEPLOYMENT_TARGET = 4.0;
				PRODUCT_NAME = "$(TARGET_NAME)";
				PROVISIONING_PROFILE = "9E34CFDB-9F5C-4348-AEAA-405013771BCA";
				WRAPPER_EXTENSION = app;
			};
			name = Debug;
		};
		C1C2C04013C8C48D00CD103D /* Release */ = {
			isa = XCBuildConfiguration;
			buildSettings = {
				ALWAYS_SEARCH_USER_PATHS = NO;
				CODE_SIGN_IDENTITY = "iPhone Developer: Hunter Bridges (57CLLPJ7F6)";
				COPY_PHASE_STRIP = YES;
				GCC_PRECOMPILE_PREFIX_HEADER = YES;
				GCC_PREFIX_HEADER = "Gather/Gather-Prefix.pch";
				HEADER_SEARCH_PATHS = "../json-framework/Classes";
				INFOPLIST_FILE = "Gather/Gather-Info.plist";
				IPHONEOS_DEPLOYMENT_TARGET = 4.0;
				PRODUCT_NAME = "$(TARGET_NAME)";
				PROVISIONING_PROFILE = "9E34CFDB-9F5C-4348-AEAA-405013771BCA";
				VALIDATE_PRODUCT = YES;
				WRAPPER_EXTENSION = app;
			};
			name = Release;
		};
/* End XCBuildConfiguration section */

/* Begin XCConfigurationList section */
		C1C2C00D13C8C48C00CD103D /* Build configuration list for PBXProject "Gather" */ = {
			isa = XCConfigurationList;
			buildConfigurations = (
				C1C2C03C13C8C48D00CD103D /* Debug */,
				C1C2C03D13C8C48D00CD103D /* Release */,
			);
			defaultConfigurationIsVisible = 0;
			defaultConfigurationName = Release;
		};
		C1C2C03E13C8C48D00CD103D /* Build configuration list for PBXNativeTarget "Gather" */ = {
			isa = XCConfigurationList;
			buildConfigurations = (
				C1C2C03F13C8C48D00CD103D /* Debug */,
				C1C2C04013C8C48D00CD103D /* Release */,
			);
			defaultConfigurationIsVisible = 0;
			defaultConfigurationName = Release;
		};
/* End XCConfigurationList section */

/* Begin XCVersionGroup section */
		C1C2C02B13C8C48C00CD103D /* Gather.xcdatamodeld */ = {
			isa = XCVersionGroup;
			children = (
				C1C2C02C13C8C48C00CD103D /* Gather.xcdatamodel */,
			);
			currentVersion = C1C2C02C13C8C48C00CD103D /* Gather.xcdatamodel */;
			path = Gather.xcdatamodeld;
			sourceTree = "<group>";
			versionGroupType = wrapper.xcdatamodel;
		};
/* End XCVersionGroup section */
	};
	rootObject = C1C2C00A13C8C48C00CD103D /* Project object */;
}
