// !$*UTF8*$!
{
	archiveVersion = 1;
	classes = {
	};
	objectVersion = 46;
	objects = {

/* Begin PBXBuildFile section */
		48AF6BF113C8F6510062B769 /* slideViewController.m in Sources */ = {isa = PBXBuildFile; fileRef = 48AF6BF013C8F6510062B769 /* slideViewController.m */; };
		48AF6BF413C8F6720062B769 /* viewPlaceHolder.m in Sources */ = {isa = PBXBuildFile; fileRef = 48AF6BF313C8F6720062B769 /* viewPlaceHolder.m */; };
		C1C2C01813C8C48C00CD103D /* UIKit.framework in Frameworks */ = {isa = PBXBuildFile; fileRef = C1C2C01713C8C48C00CD103D /* UIKit.framework */; };
		C1C2C01A13C8C48C00CD103D /* Foundation.framework in Frameworks */ = {isa = PBXBuildFile; fileRef = C1C2C01913C8C48C00CD103D /* Foundation.framework */; };
		C1C2C01C13C8C48C00CD103D /* CoreGraphics.framework in Frameworks */ = {isa = PBXBuildFile; fileRef = C1C2C01B13C8C48C00CD103D /* CoreGraphics.framework */; };
		C1C2C01E13C8C48C00CD103D /* CoreData.framework in Frameworks */ = {isa = PBXBuildFile; fileRef = C1C2C01D13C8C48C00CD103D /* CoreData.framework */; };
		C1C2C02413C8C48C00CD103D /* InfoPlist.strings in Resources */ = {isa = PBXBuildFile; fileRef = C1C2C02213C8C48C00CD103D /* InfoPlist.strings */; };
		C1C2C02713C8C48C00CD103D /* main.m in Sources */ = {isa = PBXBuildFile; fileRef = C1C2C02613C8C48C00CD103D /* main.m */; };
		C1C2C02A13C8C48C00CD103D /* gatherAppDelegate.m in Sources */ = {isa = PBXBuildFile; fileRef = C1C2C02913C8C48C00CD103D /* gatherAppDelegate.m */; };
		C1C2C02D13C8C48C00CD103D /* gather.xcdatamodeld in Sources */ = {isa = PBXBuildFile; fileRef = C1C2C02B13C8C48C00CD103D /* gather.xcdatamodeld */; };
		C1C2C03113C8C48D00CD103D /* gatherAppDelegate_iPhone.m in Sources */ = {isa = PBXBuildFile; fileRef = C1C2C03013C8C48D00CD103D /* gatherAppDelegate_iPhone.m */; };
		C1C2C03413C8C48D00CD103D /* MainWindow_iPhone.xib in Resources */ = {isa = PBXBuildFile; fileRef = C1C2C03213C8C48D00CD103D /* MainWindow_iPhone.xib */; };
		C1C2C03813C8C48D00CD103D /* gatherAppDelegate_iPad.m in Sources */ = {isa = PBXBuildFile; fileRef = C1C2C03713C8C48D00CD103D /* gatherAppDelegate_iPad.m */; };
		C1C2C03B13C8C48D00CD103D /* MainWindow_iPad.xib in Resources */ = {isa = PBXBuildFile; fileRef = C1C2C03913C8C48D00CD103D /* MainWindow_iPad.xib */; };
		C1EB58EA13CB6B5600F156DB /* ConnectionManager.m in Sources */ = {isa = PBXBuildFile; fileRef = C1EB58E513CB6B5600F156DB /* ConnectionManager.m */; };
		C1EB58EB13CB6B5600F156DB /* GatherAPI.m in Sources */ = {isa = PBXBuildFile; fileRef = C1EB58E713CB6B5600F156DB /* GatherAPI.m */; };
		C1EB58EC13CB6B5600F156DB /* IndexedURLConnection.m in Sources */ = {isa = PBXBuildFile; fileRef = C1EB58E913CB6B5600F156DB /* IndexedURLConnection.m */; };
		C1EB58F113CB6B9000F156DB /* NetworkingTestVC.m in Sources */ = {isa = PBXBuildFile; fileRef = C1EB58EF13CB6B9000F156DB /* NetworkingTestVC.m */; };
		C1EB58F213CB6B9000F156DB /* NetworkingTestVC.xib in Resources */ = {isa = PBXBuildFile; fileRef = C1EB58F013CB6B9000F156DB /* NetworkingTestVC.xib */; };
		C1EB5C3013CB6D7100F156DB /* NSObject+SBJson.m in Sources */ = {isa = PBXBuildFile; fileRef = C1EB5C1813CB6D7100F156DB /* NSObject+SBJson.m */; };
		C1EB5C3113CB6D7100F156DB /* SBJsonParser.m in Sources */ = {isa = PBXBuildFile; fileRef = C1EB5C1B13CB6D7100F156DB /* SBJsonParser.m */; };
		C1EB5C3213CB6D7100F156DB /* SBJsonStreamParser.m in Sources */ = {isa = PBXBuildFile; fileRef = C1EB5C1D13CB6D7100F156DB /* SBJsonStreamParser.m */; };
		C1EB5C3313CB6D7100F156DB /* SBJsonStreamParserAccumulator.m in Sources */ = {isa = PBXBuildFile; fileRef = C1EB5C1F13CB6D7100F156DB /* SBJsonStreamParserAccumulator.m */; };
		C1EB5C3413CB6D7100F156DB /* SBJsonStreamParserAdapter.m in Sources */ = {isa = PBXBuildFile; fileRef = C1EB5C2113CB6D7100F156DB /* SBJsonStreamParserAdapter.m */; };
		C1EB5C3513CB6D7100F156DB /* SBJsonStreamParserState.m in Sources */ = {isa = PBXBuildFile; fileRef = C1EB5C2313CB6D7100F156DB /* SBJsonStreamParserState.m */; };
		C1EB5C3613CB6D7100F156DB /* SBJsonStreamWriter.m in Sources */ = {isa = PBXBuildFile; fileRef = C1EB5C2513CB6D7100F156DB /* SBJsonStreamWriter.m */; };
		C1EB5C3713CB6D7100F156DB /* SBJsonStreamWriterAccumulator.m in Sources */ = {isa = PBXBuildFile; fileRef = C1EB5C2713CB6D7100F156DB /* SBJsonStreamWriterAccumulator.m */; };
		C1EB5C3813CB6D7100F156DB /* SBJsonStreamWriterState.m in Sources */ = {isa = PBXBuildFile; fileRef = C1EB5C2913CB6D7100F156DB /* SBJsonStreamWriterState.m */; };
		C1EB5C3913CB6D7100F156DB /* SBJsonTokeniser.m in Sources */ = {isa = PBXBuildFile; fileRef = C1EB5C2B13CB6D7100F156DB /* SBJsonTokeniser.m */; };
		C1EB5C3A13CB6D7100F156DB /* SBJsonUTF8Stream.m in Sources */ = {isa = PBXBuildFile; fileRef = C1EB5C2D13CB6D7100F156DB /* SBJsonUTF8Stream.m */; };
		C1EB5C3B13CB6D7100F156DB /* SBJsonWriter.m in Sources */ = {isa = PBXBuildFile; fileRef = C1EB5C2F13CB6D7100F156DB /* SBJsonWriter.m */; };
		C1EB5C3E13CB6DB800F156DB /* SessionData.m in Sources */ = {isa = PBXBuildFile; fileRef = C1EB5C3D13CB6DB800F156DB /* SessionData.m */; };
		C1EB5C4113CB70E500F156DB /* UniversLTStd-UltraCn.otf in Resources */ = {isa = PBXBuildFile; fileRef = C1EB5C4013CB70E500F156DB /* UniversLTStd-UltraCn.otf */; };
		C1EB5C4613CB727A00F156DB /* LoginVC.m in Sources */ = {isa = PBXBuildFile; fileRef = C1EB5C4413CB727A00F156DB /* LoginVC.m */; };
		C1EB5C4713CB727A00F156DB /* LoginVC.xib in Resources */ = {isa = PBXBuildFile; fileRef = C1EB5C4513CB727A00F156DB /* LoginVC.xib */; };
		C1EB5C4A13CB79F500F156DB /* PhoneNumberFormatter.m in Sources */ = {isa = PBXBuildFile; fileRef = C1EB5C4913CB79F500F156DB /* PhoneNumberFormatter.m */; };
/* End PBXBuildFile section */

/* Begin PBXFileReference section */
		48AF6BEF13C8F6510062B769 /* slideViewController.h */ = {isa = PBXFileReference; fileEncoding = 4; lastKnownFileType = sourcecode.c.h; path = slideViewController.h; sourceTree = "<group>"; };
		48AF6BF013C8F6510062B769 /* slideViewController.m */ = {isa = PBXFileReference; fileEncoding = 4; lastKnownFileType = sourcecode.c.objc; path = slideViewController.m; sourceTree = "<group>"; };
		48AF6BF213C8F6720062B769 /* viewPlaceHolder.h */ = {isa = PBXFileReference; fileEncoding = 4; lastKnownFileType = sourcecode.c.h; path = viewPlaceHolder.h; sourceTree = "<group>"; };
		48AF6BF313C8F6720062B769 /* viewPlaceHolder.m */ = {isa = PBXFileReference; fileEncoding = 4; lastKnownFileType = sourcecode.c.objc; path = viewPlaceHolder.m; sourceTree = "<group>"; };
		C1C2C01313C8C48C00CD103D /* gather.app */ = {isa = PBXFileReference; explicitFileType = wrapper.application; includeInIndex = 0; path = gather.app; sourceTree = BUILT_PRODUCTS_DIR; };
		C1C2C01713C8C48C00CD103D /* UIKit.framework */ = {isa = PBXFileReference; lastKnownFileType = wrapper.framework; name = UIKit.framework; path = System/Library/Frameworks/UIKit.framework; sourceTree = SDKROOT; };
		C1C2C01913C8C48C00CD103D /* Foundation.framework */ = {isa = PBXFileReference; lastKnownFileType = wrapper.framework; name = Foundation.framework; path = System/Library/Frameworks/Foundation.framework; sourceTree = SDKROOT; };
		C1C2C01B13C8C48C00CD103D /* CoreGraphics.framework */ = {isa = PBXFileReference; lastKnownFileType = wrapper.framework; name = CoreGraphics.framework; path = System/Library/Frameworks/CoreGraphics.framework; sourceTree = SDKROOT; };
		C1C2C01D13C8C48C00CD103D /* CoreData.framework */ = {isa = PBXFileReference; lastKnownFileType = wrapper.framework; name = CoreData.framework; path = System/Library/Frameworks/CoreData.framework; sourceTree = SDKROOT; };
		C1C2C02113C8C48C00CD103D /* gather-Info.plist */ = {isa = PBXFileReference; lastKnownFileType = text.plist.xml; path = "gather-Info.plist"; sourceTree = "<group>"; };
		C1C2C02313C8C48C00CD103D /* en */ = {isa = PBXFileReference; lastKnownFileType = text.plist.strings; name = en; path = en.lproj/InfoPlist.strings; sourceTree = "<group>"; };
		C1C2C02513C8C48C00CD103D /* gather-Prefix.pch */ = {isa = PBXFileReference; lastKnownFileType = sourcecode.c.h; path = "gather-Prefix.pch"; sourceTree = "<group>"; };
		C1C2C02613C8C48C00CD103D /* main.m */ = {isa = PBXFileReference; lastKnownFileType = sourcecode.c.objc; path = main.m; sourceTree = "<group>"; };
		C1C2C02813C8C48C00CD103D /* gatherAppDelegate.h */ = {isa = PBXFileReference; lastKnownFileType = sourcecode.c.h; path = gatherAppDelegate.h; sourceTree = "<group>"; };
		C1C2C02913C8C48C00CD103D /* gatherAppDelegate.m */ = {isa = PBXFileReference; lastKnownFileType = sourcecode.c.objc; path = gatherAppDelegate.m; sourceTree = "<group>"; };
		C1C2C02C13C8C48C00CD103D /* gather.xcdatamodel */ = {isa = PBXFileReference; lastKnownFileType = wrapper.xcdatamodel; path = gather.xcdatamodel; sourceTree = "<group>"; };
		C1C2C02F13C8C48D00CD103D /* gatherAppDelegate_iPhone.h */ = {isa = PBXFileReference; lastKnownFileType = sourcecode.c.h; name = gatherAppDelegate_iPhone.h; path = iPhone/gatherAppDelegate_iPhone.h; sourceTree = "<group>"; };
		C1C2C03013C8C48D00CD103D /* gatherAppDelegate_iPhone.m */ = {isa = PBXFileReference; lastKnownFileType = sourcecode.c.objc; name = gatherAppDelegate_iPhone.m; path = iPhone/gatherAppDelegate_iPhone.m; sourceTree = "<group>"; };
		C1C2C03313C8C48D00CD103D /* en */ = {isa = PBXFileReference; lastKnownFileType = file.xib; name = en; path = iPhone/en.lproj/MainWindow_iPhone.xib; sourceTree = "<group>"; };
		C1C2C03613C8C48D00CD103D /* gatherAppDelegate_iPad.h */ = {isa = PBXFileReference; lastKnownFileType = sourcecode.c.h; name = gatherAppDelegate_iPad.h; path = iPad/gatherAppDelegate_iPad.h; sourceTree = "<group>"; };
		C1C2C03713C8C48D00CD103D /* gatherAppDelegate_iPad.m */ = {isa = PBXFileReference; lastKnownFileType = sourcecode.c.objc; name = gatherAppDelegate_iPad.m; path = iPad/gatherAppDelegate_iPad.m; sourceTree = "<group>"; };
		C1C2C03A13C8C48D00CD103D /* en */ = {isa = PBXFileReference; lastKnownFileType = file.xib; name = en; path = iPad/en.lproj/MainWindow_iPad.xib; sourceTree = "<group>"; };
		C1EB58E413CB6B5600F156DB /* ConnectionManager.h */ = {isa = PBXFileReference; fileEncoding = 4; lastKnownFileType = sourcecode.c.h; name = ConnectionManager.h; path = Common/ConnectionManager.h; sourceTree = "<group>"; };
		C1EB58E513CB6B5600F156DB /* ConnectionManager.m */ = {isa = PBXFileReference; fileEncoding = 4; lastKnownFileType = sourcecode.c.objc; name = ConnectionManager.m; path = Common/ConnectionManager.m; sourceTree = "<group>"; };
		C1EB58E613CB6B5600F156DB /* GatherAPI.h */ = {isa = PBXFileReference; fileEncoding = 4; lastKnownFileType = sourcecode.c.h; name = GatherAPI.h; path = Common/GatherAPI.h; sourceTree = "<group>"; };
		C1EB58E713CB6B5600F156DB /* GatherAPI.m */ = {isa = PBXFileReference; fileEncoding = 4; lastKnownFileType = sourcecode.c.objc; name = GatherAPI.m; path = Common/GatherAPI.m; sourceTree = "<group>"; };
		C1EB58E813CB6B5600F156DB /* IndexedURLConnection.h */ = {isa = PBXFileReference; fileEncoding = 4; lastKnownFileType = sourcecode.c.h; name = IndexedURLConnection.h; path = Common/IndexedURLConnection.h; sourceTree = "<group>"; };
		C1EB58E913CB6B5600F156DB /* IndexedURLConnection.m */ = {isa = PBXFileReference; fileEncoding = 4; lastKnownFileType = sourcecode.c.objc; name = IndexedURLConnection.m; path = Common/IndexedURLConnection.m; sourceTree = "<group>"; };
		C1EB58EE13CB6B9000F156DB /* NetworkingTestVC.h */ = {isa = PBXFileReference; fileEncoding = 4; lastKnownFileType = sourcecode.c.h; name = NetworkingTestVC.h; path = iPhone/NetworkingTestVC.h; sourceTree = "<group>"; };
		C1EB58EF13CB6B9000F156DB /* NetworkingTestVC.m */ = {isa = PBXFileReference; fileEncoding = 4; lastKnownFileType = sourcecode.c.objc; name = NetworkingTestVC.m; path = iPhone/NetworkingTestVC.m; sourceTree = "<group>"; };
		C1EB58F013CB6B9000F156DB /* NetworkingTestVC.xib */ = {isa = PBXFileReference; fileEncoding = 4; lastKnownFileType = file.xib; name = NetworkingTestVC.xib; path = iPhone/NetworkingTestVC.xib; sourceTree = "<group>"; };
		C1EB5C1713CB6D7100F156DB /* NSObject+SBJson.h */ = {isa = PBXFileReference; fileEncoding = 4; lastKnownFileType = sourcecode.c.h; path = "NSObject+SBJson.h"; sourceTree = "<group>"; };
		C1EB5C1813CB6D7100F156DB /* NSObject+SBJson.m */ = {isa = PBXFileReference; fileEncoding = 4; lastKnownFileType = sourcecode.c.objc; path = "NSObject+SBJson.m"; sourceTree = "<group>"; };
		C1EB5C1913CB6D7100F156DB /* SBJson.h */ = {isa = PBXFileReference; fileEncoding = 4; lastKnownFileType = sourcecode.c.h; path = SBJson.h; sourceTree = "<group>"; };
		C1EB5C1A13CB6D7100F156DB /* SBJsonParser.h */ = {isa = PBXFileReference; fileEncoding = 4; lastKnownFileType = sourcecode.c.h; path = SBJsonParser.h; sourceTree = "<group>"; };
		C1EB5C1B13CB6D7100F156DB /* SBJsonParser.m */ = {isa = PBXFileReference; fileEncoding = 4; lastKnownFileType = sourcecode.c.objc; path = SBJsonParser.m; sourceTree = "<group>"; };
		C1EB5C1C13CB6D7100F156DB /* SBJsonStreamParser.h */ = {isa = PBXFileReference; fileEncoding = 4; lastKnownFileType = sourcecode.c.h; path = SBJsonStreamParser.h; sourceTree = "<group>"; };
		C1EB5C1D13CB6D7100F156DB /* SBJsonStreamParser.m */ = {isa = PBXFileReference; fileEncoding = 4; lastKnownFileType = sourcecode.c.objc; path = SBJsonStreamParser.m; sourceTree = "<group>"; };
		C1EB5C1E13CB6D7100F156DB /* SBJsonStreamParserAccumulator.h */ = {isa = PBXFileReference; fileEncoding = 4; lastKnownFileType = sourcecode.c.h; path = SBJsonStreamParserAccumulator.h; sourceTree = "<group>"; };
		C1EB5C1F13CB6D7100F156DB /* SBJsonStreamParserAccumulator.m */ = {isa = PBXFileReference; fileEncoding = 4; lastKnownFileType = sourcecode.c.objc; path = SBJsonStreamParserAccumulator.m; sourceTree = "<group>"; };
		C1EB5C2013CB6D7100F156DB /* SBJsonStreamParserAdapter.h */ = {isa = PBXFileReference; fileEncoding = 4; lastKnownFileType = sourcecode.c.h; path = SBJsonStreamParserAdapter.h; sourceTree = "<group>"; };
		C1EB5C2113CB6D7100F156DB /* SBJsonStreamParserAdapter.m */ = {isa = PBXFileReference; fileEncoding = 4; lastKnownFileType = sourcecode.c.objc; path = SBJsonStreamParserAdapter.m; sourceTree = "<group>"; };
		C1EB5C2213CB6D7100F156DB /* SBJsonStreamParserState.h */ = {isa = PBXFileReference; fileEncoding = 4; lastKnownFileType = sourcecode.c.h; path = SBJsonStreamParserState.h; sourceTree = "<group>"; };
		C1EB5C2313CB6D7100F156DB /* SBJsonStreamParserState.m */ = {isa = PBXFileReference; fileEncoding = 4; lastKnownFileType = sourcecode.c.objc; path = SBJsonStreamParserState.m; sourceTree = "<group>"; };
		C1EB5C2413CB6D7100F156DB /* SBJsonStreamWriter.h */ = {isa = PBXFileReference; fileEncoding = 4; lastKnownFileType = sourcecode.c.h; path = SBJsonStreamWriter.h; sourceTree = "<group>"; };
		C1EB5C2513CB6D7100F156DB /* SBJsonStreamWriter.m */ = {isa = PBXFileReference; fileEncoding = 4; lastKnownFileType = sourcecode.c.objc; path = SBJsonStreamWriter.m; sourceTree = "<group>"; };
		C1EB5C2613CB6D7100F156DB /* SBJsonStreamWriterAccumulator.h */ = {isa = PBXFileReference; fileEncoding = 4; lastKnownFileType = sourcecode.c.h; path = SBJsonStreamWriterAccumulator.h; sourceTree = "<group>"; };
		C1EB5C2713CB6D7100F156DB /* SBJsonStreamWriterAccumulator.m */ = {isa = PBXFileReference; fileEncoding = 4; lastKnownFileType = sourcecode.c.objc; path = SBJsonStreamWriterAccumulator.m; sourceTree = "<group>"; };
		C1EB5C2813CB6D7100F156DB /* SBJsonStreamWriterState.h */ = {isa = PBXFileReference; fileEncoding = 4; lastKnownFileType = sourcecode.c.h; path = SBJsonStreamWriterState.h; sourceTree = "<group>"; };
		C1EB5C2913CB6D7100F156DB /* SBJsonStreamWriterState.m */ = {isa = PBXFileReference; fileEncoding = 4; lastKnownFileType = sourcecode.c.objc; path = SBJsonStreamWriterState.m; sourceTree = "<group>"; };
		C1EB5C2A13CB6D7100F156DB /* SBJsonTokeniser.h */ = {isa = PBXFileReference; fileEncoding = 4; lastKnownFileType = sourcecode.c.h; path = SBJsonTokeniser.h; sourceTree = "<group>"; };
		C1EB5C2B13CB6D7100F156DB /* SBJsonTokeniser.m */ = {isa = PBXFileReference; fileEncoding = 4; lastKnownFileType = sourcecode.c.objc; path = SBJsonTokeniser.m; sourceTree = "<group>"; };
		C1EB5C2C13CB6D7100F156DB /* SBJsonUTF8Stream.h */ = {isa = PBXFileReference; fileEncoding = 4; lastKnownFileType = sourcecode.c.h; path = SBJsonUTF8Stream.h; sourceTree = "<group>"; };
		C1EB5C2D13CB6D7100F156DB /* SBJsonUTF8Stream.m */ = {isa = PBXFileReference; fileEncoding = 4; lastKnownFileType = sourcecode.c.objc; path = SBJsonUTF8Stream.m; sourceTree = "<group>"; };
		C1EB5C2E13CB6D7100F156DB /* SBJsonWriter.h */ = {isa = PBXFileReference; fileEncoding = 4; lastKnownFileType = sourcecode.c.h; path = SBJsonWriter.h; sourceTree = "<group>"; };
		C1EB5C2F13CB6D7100F156DB /* SBJsonWriter.m */ = {isa = PBXFileReference; fileEncoding = 4; lastKnownFileType = sourcecode.c.objc; path = SBJsonWriter.m; sourceTree = "<group>"; };
		C1EB5C3C13CB6DB800F156DB /* SessionData.h */ = {isa = PBXFileReference; fileEncoding = 4; lastKnownFileType = sourcecode.c.h; name = SessionData.h; path = Common/SessionData.h; sourceTree = "<group>"; };
		C1EB5C3D13CB6DB800F156DB /* SessionData.m */ = {isa = PBXFileReference; fileEncoding = 4; lastKnownFileType = sourcecode.c.objc; name = SessionData.m; path = Common/SessionData.m; sourceTree = "<group>"; };
		C1EB5C4013CB70E500F156DB /* UniversLTStd-UltraCn.otf */ = {isa = PBXFileReference; lastKnownFileType = file; path = "UniversLTStd-UltraCn.otf"; sourceTree = "<group>"; };
		C1EB5C4313CB727A00F156DB /* LoginVC.h */ = {isa = PBXFileReference; fileEncoding = 4; lastKnownFileType = sourcecode.c.h; name = LoginVC.h; path = iPhone/LoginVC.h; sourceTree = "<group>"; };
		C1EB5C4413CB727A00F156DB /* LoginVC.m */ = {isa = PBXFileReference; fileEncoding = 4; lastKnownFileType = sourcecode.c.objc; name = LoginVC.m; path = iPhone/LoginVC.m; sourceTree = "<group>"; };
		C1EB5C4513CB727A00F156DB /* LoginVC.xib */ = {isa = PBXFileReference; fileEncoding = 4; lastKnownFileType = file.xib; name = LoginVC.xib; path = iPhone/LoginVC.xib; sourceTree = "<group>"; };
		C1EB5C4813CB79F500F156DB /* PhoneNumberFormatter.h */ = {isa = PBXFileReference; fileEncoding = 4; lastKnownFileType = sourcecode.c.h; name = PhoneNumberFormatter.h; path = Common/PhoneNumberFormatter.h; sourceTree = "<group>"; };
		C1EB5C4913CB79F500F156DB /* PhoneNumberFormatter.m */ = {isa = PBXFileReference; fileEncoding = 4; lastKnownFileType = sourcecode.c.objc; name = PhoneNumberFormatter.m; path = Common/PhoneNumberFormatter.m; sourceTree = "<group>"; };
/* End PBXFileReference section */

/* Begin PBXFrameworksBuildPhase section */
		C1C2C01013C8C48C00CD103D /* Frameworks */ = {
			isa = PBXFrameworksBuildPhase;
			buildActionMask = 2147483647;
			files = (
				C1C2C01813C8C48C00CD103D /* UIKit.framework in Frameworks */,
				C1C2C01A13C8C48C00CD103D /* Foundation.framework in Frameworks */,
				C1C2C01C13C8C48C00CD103D /* CoreGraphics.framework in Frameworks */,
				C1C2C01E13C8C48C00CD103D /* CoreData.framework in Frameworks */,
			);
			runOnlyForDeploymentPostprocessing = 0;
		};
/* End PBXFrameworksBuildPhase section */

/* Begin PBXGroup section */
		48AF6BDF13C8DEC60062B769 /* UI Classes */ = {
			isa = PBXGroup;
			children = (
				48AF6BEF13C8F6510062B769 /* slideViewController.h */,
				48AF6BF013C8F6510062B769 /* slideViewController.m */,
				48AF6BF213C8F6720062B769 /* viewPlaceHolder.h */,
				48AF6BF313C8F6720062B769 /* viewPlaceHolder.m */,
			);
			name = "UI Classes";
			sourceTree = "<group>";
		};
		C1C2C00813C8C48C00CD103D = {
			isa = PBXGroup;
			children = (
				C1C2C01F13C8C48C00CD103D /* gather */,
				C1C2C01613C8C48C00CD103D /* Frameworks */,
				C1C2C01413C8C48C00CD103D /* Products */,
			);
			sourceTree = "<group>";
		};
		C1C2C01413C8C48C00CD103D /* Products */ = {
			isa = PBXGroup;
			children = (
				C1C2C01313C8C48C00CD103D /* gather.app */,
			);
			name = Products;
			sourceTree = "<group>";
		};
		C1C2C01613C8C48C00CD103D /* Frameworks */ = {
			isa = PBXGroup;
			children = (
				C1C2C01713C8C48C00CD103D /* UIKit.framework */,
				C1C2C01913C8C48C00CD103D /* Foundation.framework */,
				C1C2C01B13C8C48C00CD103D /* CoreGraphics.framework */,
				C1C2C01D13C8C48C00CD103D /* CoreData.framework */,
			);
			name = Frameworks;
			sourceTree = "<group>";
		};
		C1C2C01F13C8C48C00CD103D /* gather */ = {
			isa = PBXGroup;
			children = (
				C1C2C02813C8C48C00CD103D /* gatherAppDelegate.h */,
				C1C2C02913C8C48C00CD103D /* gatherAppDelegate.m */,
				C1C2C02B13C8C48C00CD103D /* gather.xcdatamodeld */,
				C1EB5C3F13CB70E500F156DB /* Resources */,
				C1EB58E113CB6B3900F156DB /* Common */,
				C1C2C02E13C8C48C00CD103D /* iPhone */,
				C1C2C03513C8C48D00CD103D /* iPad */,
				C1C2C02013C8C48C00CD103D /* Supporting Files */,
			);
			path = gather;
			sourceTree = "<group>";
		};
		C1C2C02013C8C48C00CD103D /* Supporting Files */ = {
			isa = PBXGroup;
			children = (
				C1C2C02113C8C48C00CD103D /* gather-Info.plist */,
				C1C2C02213C8C48C00CD103D /* InfoPlist.strings */,
				C1C2C02513C8C48C00CD103D /* gather-Prefix.pch */,
				C1C2C02613C8C48C00CD103D /* main.m */,
			);
			name = "Supporting Files";
			sourceTree = "<group>";
		};
		C1C2C02E13C8C48C00CD103D /* iPhone */ = {
			isa = PBXGroup;
			children = (
				C1EB5C4213CB725300F156DB /* VCs */,
				C1EB58ED13CB6B7D00F156DB /* UI Tests */,
				48AF6BDF13C8DEC60062B769 /* UI Classes */,
				C1C2C02F13C8C48D00CD103D /* gatherAppDelegate_iPhone.h */,
				C1C2C03013C8C48D00CD103D /* gatherAppDelegate_iPhone.m */,
				C1C2C03213C8C48D00CD103D /* MainWindow_iPhone.xib */,
			);
			name = iPhone;
			sourceTree = "<group>";
		};
		C1C2C03513C8C48D00CD103D /* iPad */ = {
			isa = PBXGroup;
			children = (
				C1C2C03613C8C48D00CD103D /* gatherAppDelegate_iPad.h */,
				C1C2C03713C8C48D00CD103D /* gatherAppDelegate_iPad.m */,
				C1C2C03913C8C48D00CD103D /* MainWindow_iPad.xib */,
			);
			name = iPad;
			sourceTree = "<group>";
		};
		C1EB58E113CB6B3900F156DB /* Common */ = {
			isa = PBXGroup;
			children = (
				C1EB5C1613CB6D7100F156DB /* SBJson */,
				C1EB58E313CB6B4300F156DB /* Server */,
				C1EB5C4813CB79F500F156DB /* PhoneNumberFormatter.h */,
				C1EB5C4913CB79F500F156DB /* PhoneNumberFormatter.m */,
			);
			name = Common;
			sourceTree = "<group>";
		};
		C1EB58E313CB6B4300F156DB /* Server */ = {
			isa = PBXGroup;
			children = (
				C1EB5C3C13CB6DB800F156DB /* SessionData.h */,
				C1EB5C3D13CB6DB800F156DB /* SessionData.m */,
				C1EB58E413CB6B5600F156DB /* ConnectionManager.h */,
				C1EB58E513CB6B5600F156DB /* ConnectionManager.m */,
				C1EB58E613CB6B5600F156DB /* GatherAPI.h */,
				C1EB58E713CB6B5600F156DB /* GatherAPI.m */,
				C1EB58E813CB6B5600F156DB /* IndexedURLConnection.h */,
				C1EB58E913CB6B5600F156DB /* IndexedURLConnection.m */,
			);
			name = Server;
			sourceTree = "<group>";
		};
		C1EB58ED13CB6B7D00F156DB /* UI Tests */ = {
			isa = PBXGroup;
			children = (
				C1EB58EE13CB6B9000F156DB /* NetworkingTestVC.h */,
				C1EB58EF13CB6B9000F156DB /* NetworkingTestVC.m */,
				C1EB58F013CB6B9000F156DB /* NetworkingTestVC.xib */,
			);
			name = "UI Tests";
			sourceTree = "<group>";
		};
		C1EB5C1613CB6D7100F156DB /* SBJson */ = {
			isa = PBXGroup;
			children = (
				C1EB5C1713CB6D7100F156DB /* NSObject+SBJson.h */,
				C1EB5C1813CB6D7100F156DB /* NSObject+SBJson.m */,
				C1EB5C1913CB6D7100F156DB /* SBJson.h */,
				C1EB5C1A13CB6D7100F156DB /* SBJsonParser.h */,
				C1EB5C1B13CB6D7100F156DB /* SBJsonParser.m */,
				C1EB5C1C13CB6D7100F156DB /* SBJsonStreamParser.h */,
				C1EB5C1D13CB6D7100F156DB /* SBJsonStreamParser.m */,
				C1EB5C1E13CB6D7100F156DB /* SBJsonStreamParserAccumulator.h */,
				C1EB5C1F13CB6D7100F156DB /* SBJsonStreamParserAccumulator.m */,
				C1EB5C2013CB6D7100F156DB /* SBJsonStreamParserAdapter.h */,
				C1EB5C2113CB6D7100F156DB /* SBJsonStreamParserAdapter.m */,
				C1EB5C2213CB6D7100F156DB /* SBJsonStreamParserState.h */,
				C1EB5C2313CB6D7100F156DB /* SBJsonStreamParserState.m */,
				C1EB5C2413CB6D7100F156DB /* SBJsonStreamWriter.h */,
				C1EB5C2513CB6D7100F156DB /* SBJsonStreamWriter.m */,
				C1EB5C2613CB6D7100F156DB /* SBJsonStreamWriterAccumulator.h */,
				C1EB5C2713CB6D7100F156DB /* SBJsonStreamWriterAccumulator.m */,
				C1EB5C2813CB6D7100F156DB /* SBJsonStreamWriterState.h */,
				C1EB5C2913CB6D7100F156DB /* SBJsonStreamWriterState.m */,
				C1EB5C2A13CB6D7100F156DB /* SBJsonTokeniser.h */,
				C1EB5C2B13CB6D7100F156DB /* SBJsonTokeniser.m */,
				C1EB5C2C13CB6D7100F156DB /* SBJsonUTF8Stream.h */,
				C1EB5C2D13CB6D7100F156DB /* SBJsonUTF8Stream.m */,
				C1EB5C2E13CB6D7100F156DB /* SBJsonWriter.h */,
				C1EB5C2F13CB6D7100F156DB /* SBJsonWriter.m */,
			);
			name = SBJson;
			path = "../../json-framework/Classes";
			sourceTree = "<group>";
		};
		C1EB5C3F13CB70E500F156DB /* Resources */ = {
			isa = PBXGroup;
			children = (
				C1EB5C4013CB70E500F156DB /* UniversLTStd-UltraCn.otf */,
			);
			path = Resources;
			sourceTree = "<group>";
		};
		C1EB5C4213CB725300F156DB /* VCs */ = {
			isa = PBXGroup;
			children = (
				C1EB5C4313CB727A00F156DB /* LoginVC.h */,
				C1EB5C4413CB727A00F156DB /* LoginVC.m */,
				C1EB5C4513CB727A00F156DB /* LoginVC.xib */,
			);
			name = VCs;
			sourceTree = "<group>";
		};
/* End PBXGroup section */

/* Begin PBXNativeTarget section */
		C1C2C01213C8C48C00CD103D /* gather */ = {
			isa = PBXNativeTarget;
			buildConfigurationList = C1C2C03E13C8C48D00CD103D /* Build configuration list for PBXNativeTarget "gather" */;
			buildPhases = (
				C1C2C00F13C8C48C00CD103D /* Sources */,
				C1C2C01013C8C48C00CD103D /* Frameworks */,
				C1C2C01113C8C48C00CD103D /* Resources */,
			);
			buildRules = (
			);
			dependencies = (
			);
			name = gather;
			productName = gather;
			productReference = C1C2C01313C8C48C00CD103D /* gather.app */;
			productType = "com.apple.product-type.application";
		};
/* End PBXNativeTarget section */

/* Begin PBXProject section */
		C1C2C00A13C8C48C00CD103D /* Project object */ = {
			isa = PBXProject;
			attributes = {
				ORGANIZATIONNAME = "Meedeor, LLC";
			};
			buildConfigurationList = C1C2C00D13C8C48C00CD103D /* Build configuration list for PBXProject "gather" */;
			compatibilityVersion = "Xcode 3.2";
			developmentRegion = English;
			hasScannedForEncodings = 0;
			knownRegions = (
				en,
			);
			mainGroup = C1C2C00813C8C48C00CD103D;
			productRefGroup = C1C2C01413C8C48C00CD103D /* Products */;
			projectDirPath = "";
			projectRoot = "";
			targets = (
				C1C2C01213C8C48C00CD103D /* gather */,
			);
		};
/* End PBXProject section */

/* Begin PBXResourcesBuildPhase section */
		C1C2C01113C8C48C00CD103D /* Resources */ = {
			isa = PBXResourcesBuildPhase;
			buildActionMask = 2147483647;
			files = (
				C1C2C02413C8C48C00CD103D /* InfoPlist.strings in Resources */,
				C1C2C03413C8C48D00CD103D /* MainWindow_iPhone.xib in Resources */,
				C1C2C03B13C8C48D00CD103D /* MainWindow_iPad.xib in Resources */,
				C1EB58F213CB6B9000F156DB /* NetworkingTestVC.xib in Resources */,
				C1EB5C4113CB70E500F156DB /* UniversLTStd-UltraCn.otf in Resources */,
				C1EB5C4713CB727A00F156DB /* LoginVC.xib in Resources */,
			);
			runOnlyForDeploymentPostprocessing = 0;
		};
/* End PBXResourcesBuildPhase section */

/* Begin PBXSourcesBuildPhase section */
		C1C2C00F13C8C48C00CD103D /* Sources */ = {
			isa = PBXSourcesBuildPhase;
			buildActionMask = 2147483647;
			files = (
				C1C2C02713C8C48C00CD103D /* main.m in Sources */,
				C1C2C02A13C8C48C00CD103D /* gatherAppDelegate.m in Sources */,
				C1C2C02D13C8C48C00CD103D /* gather.xcdatamodeld in Sources */,
				C1C2C03113C8C48D00CD103D /* gatherAppDelegate_iPhone.m in Sources */,
				C1C2C03813C8C48D00CD103D /* gatherAppDelegate_iPad.m in Sources */,
				48AF6BF113C8F6510062B769 /* slideViewController.m in Sources */,
				48AF6BF413C8F6720062B769 /* viewPlaceHolder.m in Sources */,
				C1EB58EA13CB6B5600F156DB /* ConnectionManager.m in Sources */,
				C1EB58EB13CB6B5600F156DB /* GatherAPI.m in Sources */,
				C1EB58EC13CB6B5600F156DB /* IndexedURLConnection.m in Sources */,
				C1EB58F113CB6B9000F156DB /* NetworkingTestVC.m in Sources */,
				C1EB5C3013CB6D7100F156DB /* NSObject+SBJson.m in Sources */,
				C1EB5C3113CB6D7100F156DB /* SBJsonParser.m in Sources */,
				C1EB5C3213CB6D7100F156DB /* SBJsonStreamParser.m in Sources */,
				C1EB5C3313CB6D7100F156DB /* SBJsonStreamParserAccumulator.m in Sources */,
				C1EB5C3413CB6D7100F156DB /* SBJsonStreamParserAdapter.m in Sources */,
				C1EB5C3513CB6D7100F156DB /* SBJsonStreamParserState.m in Sources */,
				C1EB5C3613CB6D7100F156DB /* SBJsonStreamWriter.m in Sources */,
				C1EB5C3713CB6D7100F156DB /* SBJsonStreamWriterAccumulator.m in Sources */,
				C1EB5C3813CB6D7100F156DB /* SBJsonStreamWriterState.m in Sources */,
				C1EB5C3913CB6D7100F156DB /* SBJsonTokeniser.m in Sources */,
				C1EB5C3A13CB6D7100F156DB /* SBJsonUTF8Stream.m in Sources */,
				C1EB5C3B13CB6D7100F156DB /* SBJsonWriter.m in Sources */,
				C1EB5C3E13CB6DB800F156DB /* SessionData.m in Sources */,
				C1EB5C4613CB727A00F156DB /* LoginVC.m in Sources */,
				C1EB5C4A13CB79F500F156DB /* PhoneNumberFormatter.m in Sources */,
			);
			runOnlyForDeploymentPostprocessing = 0;
		};
/* End PBXSourcesBuildPhase section */

/* Begin PBXVariantGroup section */
		C1C2C02213C8C48C00CD103D /* InfoPlist.strings */ = {
			isa = PBXVariantGroup;
			children = (
				C1C2C02313C8C48C00CD103D /* en */,
			);
			name = InfoPlist.strings;
			sourceTree = "<group>";
		};
		C1C2C03213C8C48D00CD103D /* MainWindow_iPhone.xib */ = {
			isa = PBXVariantGroup;
			children = (
				C1C2C03313C8C48D00CD103D /* en */,
			);
			name = MainWindow_iPhone.xib;
			sourceTree = "<group>";
		};
		C1C2C03913C8C48D00CD103D /* MainWindow_iPad.xib */ = {
			isa = PBXVariantGroup;
			children = (
				C1C2C03A13C8C48D00CD103D /* en */,
			);
			name = MainWindow_iPad.xib;
			sourceTree = "<group>";
		};
/* End PBXVariantGroup section */

/* Begin XCBuildConfiguration section */
		C1C2C03C13C8C48D00CD103D /* Debug */ = {
			isa = XCBuildConfiguration;
			buildSettings = {
				ARCHS = "$(ARCHS_STANDARD_32_BIT)";
				"CODE_SIGN_IDENTITY[sdk=iphoneos*]" = "iPhone Developer: Hunter Bridges (57CLLPJ7F6)";
				GCC_C_LANGUAGE_STANDARD = gnu99;
				GCC_OPTIMIZATION_LEVEL = 0;
				GCC_PREPROCESSOR_DEFINITIONS = DEBUG;
				GCC_SYMBOLS_PRIVATE_EXTERN = NO;
				GCC_VERSION = com.apple.compilers.llvmgcc42;
				GCC_WARN_ABOUT_RETURN_TYPE = YES;
				GCC_WARN_UNUSED_VARIABLE = YES;
				IPHONEOS_DEPLOYMENT_TARGET = 4.3;
				"PROVISIONING_PROFILE[sdk=iphoneos*]" = "D871EDD5-2346-4F0C-B241-BD963B78FDD4";
				SDKROOT = iphoneos;
				TARGETED_DEVICE_FAMILY = "1,2";
			};
			name = Debug;
		};
		C1C2C03D13C8C48D00CD103D /* Release */ = {
			isa = XCBuildConfiguration;
			buildSettings = {
				ARCHS = "$(ARCHS_STANDARD_32_BIT)";
				"CODE_SIGN_IDENTITY[sdk=iphoneos*]" = "iPhone Developer";
				GCC_C_LANGUAGE_STANDARD = gnu99;
				GCC_VERSION = com.apple.compilers.llvmgcc42;
				GCC_WARN_ABOUT_RETURN_TYPE = YES;
				GCC_WARN_UNUSED_VARIABLE = YES;
				IPHONEOS_DEPLOYMENT_TARGET = 4.3;
				OTHER_CFLAGS = "-DNS_BLOCK_ASSERTIONS=1";
				SDKROOT = iphoneos;
				TARGETED_DEVICE_FAMILY = "1,2";
			};
			name = Release;
		};
		C1C2C03F13C8C48D00CD103D /* Debug */ = {
			isa = XCBuildConfiguration;
			buildSettings = {
				ALWAYS_SEARCH_USER_PATHS = NO;
				CODE_SIGN_IDENTITY = "iPhone Developer: Hunter Bridges (57CLLPJ7F6)";
				COPY_PHASE_STRIP = NO;
				GCC_DYNAMIC_NO_PIC = NO;
				GCC_PRECOMPILE_PREFIX_HEADER = YES;
				GCC_PREFIX_HEADER = "gather/gather-Prefix.pch";
				HEADER_SEARCH_PATHS = "../json-framework/Classes";
				INFOPLIST_FILE = "gather/gather-Info.plist";
				PRODUCT_NAME = "$(TARGET_NAME)";
				PROVISIONING_PROFILE = "9C224CEF-9A2D-448F-9028-6B91BC81AB23";
				WRAPPER_EXTENSION = app;
			};
			name = Debug;
		};
		C1C2C04013C8C48D00CD103D /* Release */ = {
			isa = XCBuildConfiguration;
			buildSettings = {
				ALWAYS_SEARCH_USER_PATHS = NO;
				CODE_SIGN_IDENTITY = "iPhone Developer: Hunter Bridges (57CLLPJ7F6)";
				COPY_PHASE_STRIP = YES;
				GCC_PRECOMPILE_PREFIX_HEADER = YES;
				GCC_PREFIX_HEADER = "gather/gather-Prefix.pch";
				HEADER_SEARCH_PATHS = "../json-framework/Classes";
				INFOPLIST_FILE = "gather/gather-Info.plist";
				PRODUCT_NAME = "$(TARGET_NAME)";
				PROVISIONING_PROFILE = "9C224CEF-9A2D-448F-9028-6B91BC81AB23";
				VALIDATE_PRODUCT = YES;
				WRAPPER_EXTENSION = app;
			};
			name = Release;
		};
/* End XCBuildConfiguration section */

/* Begin XCConfigurationList section */
		C1C2C00D13C8C48C00CD103D /* Build configuration list for PBXProject "gather" */ = {
			isa = XCConfigurationList;
			buildConfigurations = (
				C1C2C03C13C8C48D00CD103D /* Debug */,
				C1C2C03D13C8C48D00CD103D /* Release */,
			);
			defaultConfigurationIsVisible = 0;
			defaultConfigurationName = Release;
		};
		C1C2C03E13C8C48D00CD103D /* Build configuration list for PBXNativeTarget "gather" */ = {
			isa = XCConfigurationList;
			buildConfigurations = (
				C1C2C03F13C8C48D00CD103D /* Debug */,
				C1C2C04013C8C48D00CD103D /* Release */,
			);
			defaultConfigurationIsVisible = 0;
			defaultConfigurationName = Release;
		};
/* End XCConfigurationList section */

/* Begin XCVersionGroup section */
		C1C2C02B13C8C48C00CD103D /* gather.xcdatamodeld */ = {
			isa = XCVersionGroup;
			children = (
				C1C2C02C13C8C48C00CD103D /* gather.xcdatamodel */,
			);
			currentVersion = C1C2C02C13C8C48C00CD103D /* gather.xcdatamodel */;
			path = gather.xcdatamodeld;
			sourceTree = "<group>";
			versionGroupType = wrapper.xcdatamodel;
		};
/* End XCVersionGroup section */
	};
	rootObject = C1C2C00A13C8C48C00CD103D /* Project object */;
}
